// !$*UTF8*$!
{
	archiveVersion = 1;
	classes = {
	};
	objectVersion = 55;
	objects = {

/* Begin PBXBuildFile section */
		FFC40F16290DB16300870A9C /* AppDelegate.swift in Sources */ = {isa = PBXBuildFile; fileRef = FFC40F15290DB16300870A9C /* AppDelegate.swift */; };
		FFC40F18290DB16300870A9C /* SceneDelegate.swift in Sources */ = {isa = PBXBuildFile; fileRef = FFC40F17290DB16300870A9C /* SceneDelegate.swift */; };
		FFC40F1A290DB16300870A9C /* ViewController.swift in Sources */ = {isa = PBXBuildFile; fileRef = FFC40F19290DB16300870A9C /* ViewController.swift */; };
		FFC40F1D290DB16300870A9C /* Main.storyboard in Resources */ = {isa = PBXBuildFile; fileRef = FFC40F1B290DB16300870A9C /* Main.storyboard */; };
		FFC40F1F290DB16500870A9C /* Assets.xcassets in Resources */ = {isa = PBXBuildFile; fileRef = FFC40F1E290DB16500870A9C /* Assets.xcassets */; };
		FFC40F22290DB16500870A9C /* LaunchScreen.storyboard in Resources */ = {isa = PBXBuildFile; fileRef = FFC40F20290DB16500870A9C /* LaunchScreen.storyboard */; };
		FFC40F2D290DB30E00870A9C /* FirebaseAnalytics in Frameworks */ = {isa = PBXBuildFile; productRef = FFC40F2C290DB30E00870A9C /* FirebaseAnalytics */; };
		FFC40F2F290DB30E00870A9C /* FirebaseAuth in Frameworks */ = {isa = PBXBuildFile; productRef = FFC40F2E290DB30E00870A9C /* FirebaseAuth */; };
		FFC40F31290DB30E00870A9C /* FirebaseDatabase in Frameworks */ = {isa = PBXBuildFile; productRef = FFC40F30290DB30E00870A9C /* FirebaseDatabase */; };
		FFC40F33290DB30E00870A9C /* FirebaseDatabaseSwift in Frameworks */ = {isa = PBXBuildFile; productRef = FFC40F32290DB30E00870A9C /* FirebaseDatabaseSwift */; };
		FFC40F35290DB30E00870A9C /* FirebaseFirestore in Frameworks */ = {isa = PBXBuildFile; productRef = FFC40F34290DB30E00870A9C /* FirebaseFirestore */; };
		FFC40F37290DBDBA00870A9C /* GoogleService-Info.plist in Resources */ = {isa = PBXBuildFile; fileRef = FFC40F36290DBDBA00870A9C /* GoogleService-Info.plist */; };
/* End PBXBuildFile section */

/* Begin PBXFileReference section */
		FFC40F12290DB16300870A9C /* uFree.app */ = {isa = PBXFileReference; explicitFileType = wrapper.application; includeInIndex = 0; path = uFree.app; sourceTree = BUILT_PRODUCTS_DIR; };
		FFC40F15290DB16300870A9C /* AppDelegate.swift */ = {isa = PBXFileReference; lastKnownFileType = sourcecode.swift; path = AppDelegate.swift; sourceTree = "<group>"; };
		FFC40F17290DB16300870A9C /* SceneDelegate.swift */ = {isa = PBXFileReference; lastKnownFileType = sourcecode.swift; path = SceneDelegate.swift; sourceTree = "<group>"; };
		FFC40F19290DB16300870A9C /* ViewController.swift */ = {isa = PBXFileReference; lastKnownFileType = sourcecode.swift; path = ViewController.swift; sourceTree = "<group>"; };
		FFC40F1C290DB16300870A9C /* Base */ = {isa = PBXFileReference; lastKnownFileType = file.storyboard; name = Base; path = Base.lproj/Main.storyboard; sourceTree = "<group>"; };
		FFC40F1E290DB16500870A9C /* Assets.xcassets */ = {isa = PBXFileReference; lastKnownFileType = folder.assetcatalog; path = Assets.xcassets; sourceTree = "<group>"; };
		FFC40F21290DB16500870A9C /* Base */ = {isa = PBXFileReference; lastKnownFileType = file.storyboard; name = Base; path = Base.lproj/LaunchScreen.storyboard; sourceTree = "<group>"; };
		FFC40F23290DB16500870A9C /* Info.plist */ = {isa = PBXFileReference; lastKnownFileType = text.plist.xml; path = Info.plist; sourceTree = "<group>"; };
		FFC40F36290DBDBA00870A9C /* GoogleService-Info.plist */ = {isa = PBXFileReference; fileEncoding = 4; lastKnownFileType = text.plist.xml; path = "GoogleService-Info.plist"; sourceTree = "<group>"; };
/* End PBXFileReference section */

/* Begin PBXFrameworksBuildPhase section */
		FFC40F0F290DB16300870A9C /* Frameworks */ = {
			isa = PBXFrameworksBuildPhase;
			buildActionMask = 2147483647;
			files = (
				FFC40F33290DB30E00870A9C /* FirebaseDatabaseSwift in Frameworks */,
				FFC40F31290DB30E00870A9C /* FirebaseDatabase in Frameworks */,
				FFC40F2D290DB30E00870A9C /* FirebaseAnalytics in Frameworks */,
				FFC40F35290DB30E00870A9C /* FirebaseFirestore in Frameworks */,
				FFC40F2F290DB30E00870A9C /* FirebaseAuth in Frameworks */,
			);
			runOnlyForDeploymentPostprocessing = 0;
		};
/* End PBXFrameworksBuildPhase section */

/* Begin PBXGroup section */
		FFC40F09290DB16300870A9C = {
			isa = PBXGroup;
			children = (
				FFC40F14290DB16300870A9C /* uFree */,
				FFC40F13290DB16300870A9C /* Products */,
			);
			sourceTree = "<group>";
		};
		FFC40F13290DB16300870A9C /* Products */ = {
			isa = PBXGroup;
			children = (
				FFC40F12290DB16300870A9C /* uFree.app */,
			);
			name = Products;
			sourceTree = "<group>";
		};
		FFC40F14290DB16300870A9C /* uFree */ = {
			isa = PBXGroup;
			children = (
				FFC40F15290DB16300870A9C /* AppDelegate.swift */,
				FFC40F17290DB16300870A9C /* SceneDelegate.swift */,
				FFC40F19290DB16300870A9C /* ViewController.swift */,
				FFC40F1B290DB16300870A9C /* Main.storyboard */,
				FFC40F1E290DB16500870A9C /* Assets.xcassets */,
				FFC40F20290DB16500870A9C /* LaunchScreen.storyboard */,
				FFC40F23290DB16500870A9C /* Info.plist */,
				FFC40F36290DBDBA00870A9C /* GoogleService-Info.plist */,
			);
			path = uFree;
			sourceTree = "<group>";
		};
/* End PBXGroup section */

/* Begin PBXNativeTarget section */
		FFC40F11290DB16300870A9C /* uFree */ = {
			isa = PBXNativeTarget;
			buildConfigurationList = FFC40F26290DB16500870A9C /* Build configuration list for PBXNativeTarget "uFree" */;
			buildPhases = (
				FFC40F0E290DB16300870A9C /* Sources */,
				FFC40F0F290DB16300870A9C /* Frameworks */,
				FFC40F10290DB16300870A9C /* Resources */,
			);
			buildRules = (
			);
			dependencies = (
			);
			name = uFree;
			packageProductDependencies = (
				FFC40F2C290DB30E00870A9C /* FirebaseAnalytics */,
				FFC40F2E290DB30E00870A9C /* FirebaseAuth */,
				FFC40F30290DB30E00870A9C /* FirebaseDatabase */,
				FFC40F32290DB30E00870A9C /* FirebaseDatabaseSwift */,
				FFC40F34290DB30E00870A9C /* FirebaseFirestore */,
			);
			productName = uFree;
			productReference = FFC40F12290DB16300870A9C /* uFree.app */;
			productType = "com.apple.product-type.application";
		};
/* End PBXNativeTarget section */

/* Begin PBXProject section */
		FFC40F0A290DB16300870A9C /* Project object */ = {
			isa = PBXProject;
			attributes = {
				BuildIndependentTargetsInParallel = 1;
				LastSwiftUpdateCheck = 1340;
				LastUpgradeCheck = 1340;
				TargetAttributes = {
					FFC40F11290DB16300870A9C = {
						CreatedOnToolsVersion = 13.4.1;
					};
				};
			};
			buildConfigurationList = FFC40F0D290DB16300870A9C /* Build configuration list for PBXProject "uFree" */;
			compatibilityVersion = "Xcode 13.0";
			developmentRegion = en;
			hasScannedForEncodings = 0;
			knownRegions = (
				en,
				Base,
			);
			mainGroup = FFC40F09290DB16300870A9C;
			packageReferences = (
				FFC40F2B290DB30E00870A9C /* XCRemoteSwiftPackageReference "firebase-ios-sdk" */,
			);
			productRefGroup = FFC40F13290DB16300870A9C /* Products */;
			projectDirPath = "";
			projectRoot = "";
			targets = (
				FFC40F11290DB16300870A9C /* uFree */,
			);
		};
/* End PBXProject section */

/* Begin PBXResourcesBuildPhase section */
		FFC40F10290DB16300870A9C /* Resources */ = {
			isa = PBXResourcesBuildPhase;
			buildActionMask = 2147483647;
			files = (
				FFC40F22290DB16500870A9C /* LaunchScreen.storyboard in Resources */,
				FFC40F37290DBDBA00870A9C /* GoogleService-Info.plist in Resources */,
				FFC40F1F290DB16500870A9C /* Assets.xcassets in Resources */,
				FFC40F1D290DB16300870A9C /* Main.storyboard in Resources */,
			);
			runOnlyForDeploymentPostprocessing = 0;
		};
/* End PBXResourcesBuildPhase section */

/* Begin PBXSourcesBuildPhase section */
		FFC40F0E290DB16300870A9C /* Sources */ = {
			isa = PBXSourcesBuildPhase;
			buildActionMask = 2147483647;
			files = (
				FFC40F1A290DB16300870A9C /* ViewController.swift in Sources */,
				FFC40F16290DB16300870A9C /* AppDelegate.swift in Sources */,
				FFC40F18290DB16300870A9C /* SceneDelegate.swift in Sources */,
			);
			runOnlyForDeploymentPostprocessing = 0;
		};
/* End PBXSourcesBuildPhase section */

/* Begin PBXVariantGroup section */
		FFC40F1B290DB16300870A9C /* Main.storyboard */ = {
			isa = PBXVariantGroup;
			children = (
				FFC40F1C290DB16300870A9C /* Base */,
			);
			name = Main.storyboard;
			sourceTree = "<group>";
		};
		FFC40F20290DB16500870A9C /* LaunchScreen.storyboard */ = {
			isa = PBXVariantGroup;
			children = (
				FFC40F21290DB16500870A9C /* Base */,
			);
			name = LaunchScreen.storyboard;
			sourceTree = "<group>";
		};
/* End PBXVariantGroup section */

/* Begin XCBuildConfiguration section */
		FFC40F24290DB16500870A9C /* Debug */ = {
			isa = XCBuildConfiguration;
			buildSettings = {
				ALWAYS_SEARCH_USER_PATHS = NO;
				CLANG_ANALYZER_NONNULL = YES;
				CLANG_ANALYZER_NUMBER_OBJECT_CONVERSION = YES_AGGRESSIVE;
				CLANG_CXX_LANGUAGE_STANDARD = "gnu++17";
				CLANG_ENABLE_MODULES = YES;
				CLANG_ENABLE_OBJC_ARC = YES;
				CLANG_ENABLE_OBJC_WEAK = YES;
				CLANG_WARN_BLOCK_CAPTURE_AUTORELEASING = YES;
				CLANG_WARN_BOOL_CONVERSION = YES;
				CLANG_WARN_COMMA = YES;
				CLANG_WARN_CONSTANT_CONVERSION = YES;
				CLANG_WARN_DEPRECATED_OBJC_IMPLEMENTATIONS = YES;
				CLANG_WARN_DIRECT_OBJC_ISA_USAGE = YES_ERROR;
				CLANG_WARN_DOCUMENTATION_COMMENTS = YES;
				CLANG_WARN_EMPTY_BODY = YES;
				CLANG_WARN_ENUM_CONVERSION = YES;
				CLANG_WARN_INFINITE_RECURSION = YES;
				CLANG_WARN_INT_CONVERSION = YES;
				CLANG_WARN_NON_LITERAL_NULL_CONVERSION = YES;
				CLANG_WARN_OBJC_IMPLICIT_RETAIN_SELF = YES;
				CLANG_WARN_OBJC_LITERAL_CONVERSION = YES;
				CLANG_WARN_OBJC_ROOT_CLASS = YES_ERROR;
				CLANG_WARN_QUOTED_INCLUDE_IN_FRAMEWORK_HEADER = YES;
				CLANG_WARN_RANGE_LOOP_ANALYSIS = YES;
				CLANG_WARN_STRICT_PROTOTYPES = YES;
				CLANG_WARN_SUSPICIOUS_MOVE = YES;
				CLANG_WARN_UNGUARDED_AVAILABILITY = YES_AGGRESSIVE;
				CLANG_WARN_UNREACHABLE_CODE = YES;
				CLANG_WARN__DUPLICATE_METHOD_MATCH = YES;
				COPY_PHASE_STRIP = NO;
				DEBUG_INFORMATION_FORMAT = dwarf;
				ENABLE_STRICT_OBJC_MSGSEND = YES;
				ENABLE_TESTABILITY = YES;
				GCC_C_LANGUAGE_STANDARD = gnu11;
				GCC_DYNAMIC_NO_PIC = NO;
				GCC_NO_COMMON_BLOCKS = YES;
				GCC_OPTIMIZATION_LEVEL = 0;
				GCC_PREPROCESSOR_DEFINITIONS = (
					"DEBUG=1",
					"$(inherited)",
				);
				GCC_WARN_64_TO_32_BIT_CONVERSION = YES;
				GCC_WARN_ABOUT_RETURN_TYPE = YES_ERROR;
				GCC_WARN_UNDECLARED_SELECTOR = YES;
				GCC_WARN_UNINITIALIZED_AUTOS = YES_AGGRESSIVE;
				GCC_WARN_UNUSED_FUNCTION = YES;
				GCC_WARN_UNUSED_VARIABLE = YES;
				IPHONEOS_DEPLOYMENT_TARGET = 15.5;
				MTL_ENABLE_DEBUG_INFO = INCLUDE_SOURCE;
				MTL_FAST_MATH = YES;
				ONLY_ACTIVE_ARCH = YES;
				SDKROOT = iphoneos;
				SWIFT_ACTIVE_COMPILATION_CONDITIONS = DEBUG;
				SWIFT_OPTIMIZATION_LEVEL = "-Onone";
			};
			name = Debug;
		};
		FFC40F25290DB16500870A9C /* Release */ = {
			isa = XCBuildConfiguration;
			buildSettings = {
				ALWAYS_SEARCH_USER_PATHS = NO;
				CLANG_ANALYZER_NONNULL = YES;
				CLANG_ANALYZER_NUMBER_OBJECT_CONVERSION = YES_AGGRESSIVE;
				CLANG_CXX_LANGUAGE_STANDARD = "gnu++17";
				CLANG_ENABLE_MODULES = YES;
				CLANG_ENABLE_OBJC_ARC = YES;
				CLANG_ENABLE_OBJC_WEAK = YES;
				CLANG_WARN_BLOCK_CAPTURE_AUTORELEASING = YES;
				CLANG_WARN_BOOL_CONVERSION = YES;
				CLANG_WARN_COMMA = YES;
				CLANG_WARN_CONSTANT_CONVERSION = YES;
				CLANG_WARN_DEPRECATED_OBJC_IMPLEMENTATIONS = YES;
				CLANG_WARN_DIRECT_OBJC_ISA_USAGE = YES_ERROR;
				CLANG_WARN_DOCUMENTATION_COMMENTS = YES;
				CLANG_WARN_EMPTY_BODY = YES;
				CLANG_WARN_ENUM_CONVERSION = YES;
				CLANG_WARN_INFINITE_RECURSION = YES;
				CLANG_WARN_INT_CONVERSION = YES;
				CLANG_WARN_NON_LITERAL_NULL_CONVERSION = YES;
				CLANG_WARN_OBJC_IMPLICIT_RETAIN_SELF = YES;
				CLANG_WARN_OBJC_LITERAL_CONVERSION = YES;
				CLANG_WARN_OBJC_ROOT_CLASS = YES_ERROR;
				CLANG_WARN_QUOTED_INCLUDE_IN_FRAMEWORK_HEADER = YES;
				CLANG_WARN_RANGE_LOOP_ANALYSIS = YES;
				CLANG_WARN_STRICT_PROTOTYPES = YES;
				CLANG_WARN_SUSPICIOUS_MOVE = YES;
				CLANG_WARN_UNGUARDED_AVAILABILITY = YES_AGGRESSIVE;
				CLANG_WARN_UNREACHABLE_CODE = YES;
				CLANG_WARN__DUPLICATE_METHOD_MATCH = YES;
				COPY_PHASE_STRIP = NO;
				DEBUG_INFORMATION_FORMAT = "dwarf-with-dsym";
				ENABLE_NS_ASSERTIONS = NO;
				ENABLE_STRICT_OBJC_MSGSEND = YES;
				GCC_C_LANGUAGE_STANDARD = gnu11;
				GCC_NO_COMMON_BLOCKS = YES;
				GCC_WARN_64_TO_32_BIT_CONVERSION = YES;
				GCC_WARN_ABOUT_RETURN_TYPE = YES_ERROR;
				GCC_WARN_UNDECLARED_SELECTOR = YES;
				GCC_WARN_UNINITIALIZED_AUTOS = YES_AGGRESSIVE;
				GCC_WARN_UNUSED_FUNCTION = YES;
				GCC_WARN_UNUSED_VARIABLE = YES;
				IPHONEOS_DEPLOYMENT_TARGET = 15.5;
				MTL_ENABLE_DEBUG_INFO = NO;
				MTL_FAST_MATH = YES;
				SDKROOT = iphoneos;
				SWIFT_COMPILATION_MODE = wholemodule;
				SWIFT_OPTIMIZATION_LEVEL = "-O";
				VALIDATE_PRODUCT = YES;
			};
			name = Release;
		};
		FFC40F27290DB16500870A9C /* Debug */ = {
			isa = XCBuildConfiguration;
			buildSettings = {
				ASSETCATALOG_COMPILER_APPICON_NAME = AppIcon;
				ASSETCATALOG_COMPILER_GLOBAL_ACCENT_COLOR_NAME = AccentColor;
				CODE_SIGN_STYLE = Automatic;
				CURRENT_PROJECT_VERSION = 1;
				GENERATE_INFOPLIST_FILE = YES;
				INFOPLIST_FILE = uFree/Info.plist;
				INFOPLIST_KEY_UIApplicationSupportsIndirectInputEvents = YES;
				INFOPLIST_KEY_UILaunchStoryboardName = LaunchScreen;
				INFOPLIST_KEY_UIMainStoryboardFile = Main;
				INFOPLIST_KEY_UISupportedInterfaceOrientations_iPad = "UIInterfaceOrientationPortrait UIInterfaceOrientationPortraitUpsideDown UIInterfaceOrientationLandscapeLeft UIInterfaceOrientationLandscapeRight";
				INFOPLIST_KEY_UISupportedInterfaceOrientations_iPhone = "UIInterfaceOrientationPortrait UIInterfaceOrientationLandscapeLeft UIInterfaceOrientationLandscapeRight";
				LD_RUNPATH_SEARCH_PATHS = (
					"$(inherited)",
					"@executable_path/Frameworks",
				);
				MARKETING_VERSION = 1.0;
				PRODUCT_BUNDLE_IDENTIFIER = CSE438.uFree;
				PRODUCT_NAME = "$(TARGET_NAME)";
				SWIFT_EMIT_LOC_STRINGS = YES;
				SWIFT_VERSION = 5.0;
				TARGETED_DEVICE_FAMILY = "1,2";
			};
			name = Debug;
		};
		FFC40F28290DB16500870A9C /* Release */ = {
			isa = XCBuildConfiguration;
			buildSettings = {
				ASSETCATALOG_COMPILER_APPICON_NAME = AppIcon;
				ASSETCATALOG_COMPILER_GLOBAL_ACCENT_COLOR_NAME = AccentColor;
				CODE_SIGN_STYLE = Automatic;
				CURRENT_PROJECT_VERSION = 1;
				GENERATE_INFOPLIST_FILE = YES;
				INFOPLIST_FILE = uFree/Info.plist;
				INFOPLIST_KEY_UIApplicationSupportsIndirectInputEvents = YES;
				INFOPLIST_KEY_UILaunchStoryboardName = LaunchScreen;
				INFOPLIST_KEY_UIMainStoryboardFile = Main;
				INFOPLIST_KEY_UISupportedInterfaceOrientations_iPad = "UIInterfaceOrientationPortrait UIInterfaceOrientationPortraitUpsideDown UIInterfaceOrientationLandscapeLeft UIInterfaceOrientationLandscapeRight";
				INFOPLIST_KEY_UISupportedInterfaceOrientations_iPhone = "UIInterfaceOrientationPortrait UIInterfaceOrientationLandscapeLeft UIInterfaceOrientationLandscapeRight";
				LD_RUNPATH_SEARCH_PATHS = (
					"$(inherited)",
					"@executable_path/Frameworks",
				);
				MARKETING_VERSION = 1.0;
				PRODUCT_BUNDLE_IDENTIFIER = CSE438.uFree;
				PRODUCT_NAME = "$(TARGET_NAME)";
				SWIFT_EMIT_LOC_STRINGS = YES;
				SWIFT_VERSION = 5.0;
				TARGETED_DEVICE_FAMILY = "1,2";
			};
			name = Release;
		};
/* End XCBuildConfiguration section */

/* Begin XCConfigurationList section */
		FFC40F0D290DB16300870A9C /* Build configuration list for PBXProject "uFree" */ = {
			isa = XCConfigurationList;
			buildConfigurations = (
				FFC40F24290DB16500870A9C /* Debug */,
				FFC40F25290DB16500870A9C /* Release */,
			);
			defaultConfigurationIsVisible = 0;
			defaultConfigurationName = Release;
		};
		FFC40F26290DB16500870A9C /* Build configuration list for PBXNativeTarget "uFree" */ = {
			isa = XCConfigurationList;
			buildConfigurations = (
				FFC40F27290DB16500870A9C /* Debug */,
				FFC40F28290DB16500870A9C /* Release */,
			);
			defaultConfigurationIsVisible = 0;
			defaultConfigurationName = Release;
		};
/* End XCConfigurationList section */

/* Begin XCRemoteSwiftPackageReference section */
		FFC40F2B290DB30E00870A9C /* XCRemoteSwiftPackageReference "firebase-ios-sdk" */ = {
			isa = XCRemoteSwiftPackageReference;
			repositoryURL = "https://github.com/firebase/firebase-ios-sdk";
			requirement = {
				kind = upToNextMajorVersion;
				minimumVersion = 9.0.0;
			};
		};
/* End XCRemoteSwiftPackageReference section */

/* Begin XCSwiftPackageProductDependency section */
		FFC40F2C290DB30E00870A9C /* FirebaseAnalytics */ = {
			isa = XCSwiftPackageProductDependency;
			package = FFC40F2B290DB30E00870A9C /* XCRemoteSwiftPackageReference "firebase-ios-sdk" */;
			productName = FirebaseAnalytics;
		};
		FFC40F2E290DB30E00870A9C /* FirebaseAuth */ = {
			isa = XCSwiftPackageProductDependency;
			package = FFC40F2B290DB30E00870A9C /* XCRemoteSwiftPackageReference "firebase-ios-sdk" */;
			productName = FirebaseAuth;
		};
		FFC40F30290DB30E00870A9C /* FirebaseDatabase */ = {
			isa = XCSwiftPackageProductDependency;
			package = FFC40F2B290DB30E00870A9C /* XCRemoteSwiftPackageReference "firebase-ios-sdk" */;
			productName = FirebaseDatabase;
		};
		FFC40F32290DB30E00870A9C /* FirebaseDatabaseSwift */ = {
			isa = XCSwiftPackageProductDependency;
			package = FFC40F2B290DB30E00870A9C /* XCRemoteSwiftPackageReference "firebase-ios-sdk" */;
			productName = FirebaseDatabaseSwift;
		};
		FFC40F34290DB30E00870A9C /* FirebaseFirestore */ = {
			isa = XCSwiftPackageProductDependency;
			package = FFC40F2B290DB30E00870A9C /* XCRemoteSwiftPackageReference "firebase-ios-sdk" */;
			productName = FirebaseFirestore;
		};
/* End XCSwiftPackageProductDependency section */
	};
	rootObject = FFC40F0A290DB16300870A9C /* Project object */;
}
