// !$*UTF8*$!
{
	archiveVersion = 1;
	classes = {
	};
	objectVersion = 52;
	objects = {

/* Begin PBXBuildFile section */
		01F1C0672B9C448DF96DAD75 /* OptimalTimeView.swift in Sources */ = {isa = PBXBuildFile; fileRef = 00C3EFD4EA1F3B9F6C91CD25 /* OptimalTimeView.swift */; };
		0E0772394EBE22E9A8F1999E /* ResetPasswordView.swift in Sources */ = {isa = PBXBuildFile; fileRef = B69D9C62544E7C43709E3A93 /* ResetPasswordView.swift */; };
		125F67946D6E39E8D5408BC0 /* RobotoRomanThin.ttf in Resources */ = {isa = PBXBuildFile; fileRef = E0D4D0E6C3CAF2C5B54FF9B3 /* RobotoRomanThin.ttf */; };
		12AA78F74914AFCC53F5489C /* TabsView.swift in Sources */ = {isa = PBXBuildFile; fileRef = 534F7A7611B6184BE36BB808 /* TabsView.swift */; };
		13B733DE360D38683776D684 /* FriendsPageView.swift in Sources */ = {isa = PBXBuildFile; fileRef = 456835F51A531C352CE1383A /* FriendsPageView.swift */; };
		17BEB64133D197D8AFF98CD1 /* InterBold.ttf in Resources */ = {isa = PBXBuildFile; fileRef = 21A9A0A9DF29D8F55D0C878A /* InterBold.ttf */; };
		1EDCA53B7E96C2710666757A /* ProfileView.swift in Sources */ = {isa = PBXBuildFile; fileRef = 76A3B02F73D8CA5F3CFCDC52 /* ProfileView.swift */; };
		20A90ECAA275788D78672932 /* NunitoSemiBold.ttf in Resources */ = {isa = PBXBuildFile; fileRef = C9B68355BB1A2D22C140EF6F /* NunitoSemiBold.ttf */; };
		242031D481BD18B249130B08 /* OnboardAvailabilityScreenView.swift in Sources */ = {isa = PBXBuildFile; fileRef = 26FBF13C1AEA646897CF26F6 /* OnboardAvailabilityScreenView.swift */; };
		2A472A0C1B100F049FA92387 /* HomePageView.swift in Sources */ = {isa = PBXBuildFile; fileRef = C369B8B8619086178FE5E379 /* HomePageView.swift */; };
		2C3741BC14C329EF26635CE4 /* InterBlack.ttf in Resources */ = {isa = PBXBuildFile; fileRef = FC5EC62FDE098DCC01BEB3FF /* InterBlack.ttf */; };
		305D9A5CBF58F17DA6B99300 /* EventView.swift in Sources */ = {isa = PBXBuildFile; fileRef = 318AE7C0A1F7F1A885251721 /* EventView.swift */; };
		331D81A236E82E08054B0BA7 /* DaysTimeSele1Cell.swift in Sources */ = {isa = PBXBuildFile; fileRef = 1090072EEB5CCFF4E0914D33 /* DaysTimeSele1Cell.swift */; };
		34D64B6C735C377B943F3D0C /* HomePageViewModel.swift in Sources */ = {isa = PBXBuildFile; fileRef = 5D7CECB28FE1D14F40D8A42C /* HomePageViewModel.swift */; };
		44695177B9BA1AC39C5417DF /* ResetCodeView.swift in Sources */ = {isa = PBXBuildFile; fileRef = 79CFF0B7A5577E3009E9567F /* ResetCodeView.swift */; };
		465873C45CDBB80798F7ABE7 /* HomeViewTwoView.swift in Sources */ = {isa = PBXBuildFile; fileRef = 6640E0444C5B629392259285 /* HomeViewTwoView.swift */; };
		46657779A540AA96DB079580 /* NotoSans.ttf in Resources */ = {isa = PBXBuildFile; fileRef = EFA4CF45C34A92787E56A072 /* NotoSans.ttf */; };
		4A1F30E41EDF68A9CF0A5115 /* PagerView.swift in Sources */ = {isa = PBXBuildFile; fileRef = 66D6AA09BA141D7FA585AEAC /* PagerView.swift */; };
		4D4570269934788E854FEBC8 /* DaysTimeSeleCell.swift in Sources */ = {isa = PBXBuildFile; fileRef = 3A7F1FD83F4DC874BC1DCBE0 /* DaysTimeSeleCell.swift */; };
		4F32FA809BCD38446CE9C0A9 /* HomeViewFourView.swift in Sources */ = {isa = PBXBuildFile; fileRef = F75A749BE07D83A3780848B8 /* HomeViewFourView.swift */; };
		4FFFF76EC4672BFA4A3AD29E /* InterMedium.ttf in Resources */ = {isa = PBXBuildFile; fileRef = C54D317853C6D190E6E49405 /* InterMedium.ttf */; };
		50D593B3FC0391EDB04D8D93 /* EditDefaultforEventScreenView.swift in Sources */ = {isa = PBXBuildFile; fileRef = 8BB7166AE0F72DCA674EB4FF /* EditDefaultforEventScreenView.swift */; };
		5132C3CB292AF04A0050D887 /* GoogleService-Info.plist in Resources */ = {isa = PBXBuildFile; fileRef = 5132C3CA292AF04A0050D887 /* GoogleService-Info.plist */; };
		5132C3CE292AF17E0050D887 /* FirebaseAnalytics in Frameworks */ = {isa = PBXBuildFile; productRef = 5132C3CD292AF17E0050D887 /* FirebaseAnalytics */; };
		5132C3D0292AF17E0050D887 /* FirebaseAnalyticsSwift in Frameworks */ = {isa = PBXBuildFile; productRef = 5132C3CF292AF17E0050D887 /* FirebaseAnalyticsSwift */; };
		5156CA19293C579A0004EC27 /* CreatorConfirmTimeView.swift in Sources */ = {isa = PBXBuildFile; fileRef = 5156CA18293C579A0004EC27 /* CreatorConfirmTimeView.swift */; };
		5156CA1B293C57D20004EC27 /* CreatorConfirmTimeCellView.swift in Sources */ = {isa = PBXBuildFile; fileRef = 5156CA1A293C57D20004EC27 /* CreatorConfirmTimeCellView.swift */; };
		5198EB87292AF5B7003BD2AD /* FirebaseAnalytics in Frameworks */ = {isa = PBXBuildFile; productRef = 5198EB86292AF5B7003BD2AD /* FirebaseAnalytics */; };
		5198EB89292AF5B7003BD2AD /* FirebaseAnalyticsSwift in Frameworks */ = {isa = PBXBuildFile; productRef = 5198EB88292AF5B7003BD2AD /* FirebaseAnalyticsSwift */; };
		5198EB8B292AF793003BD2AD /* FirebaseDatabase in Frameworks */ = {isa = PBXBuildFile; productRef = 5198EB8A292AF793003BD2AD /* FirebaseDatabase */; };
		5198EB8D292AF9B5003BD2AD /* FirebaseAuth in Frameworks */ = {isa = PBXBuildFile; productRef = 5198EB8C292AF9B5003BD2AD /* FirebaseAuth */; };
		5198EB8F292AFD2F003BD2AD /* AuthenticationViewModel.swift in Sources */ = {isa = PBXBuildFile; fileRef = 5198EB8E292AFD2F003BD2AD /* AuthenticationViewModel.swift */; };
		519D43882934AA0B00FCE23B /* PrimaryView.swift in Sources */ = {isa = PBXBuildFile; fileRef = 519D43872934AA0B00FCE23B /* PrimaryView.swift */; };
		519D438D2934ABC100FCE23B /* ContentView.swift in Sources */ = {isa = PBXBuildFile; fileRef = 519D438C2934ABC100FCE23B /* ContentView.swift */; };
		519D438F2934C10100FCE23B /* FirebaseFirestore in Frameworks */ = {isa = PBXBuildFile; productRef = 519D438E2934C10100FCE23B /* FirebaseFirestore */; };
		519D43912934C10A00FCE23B /* FirebaseFirestoreSwift in Frameworks */ = {isa = PBXBuildFile; productRef = 519D43902934C10A00FCE23B /* FirebaseFirestoreSwift */; };
		5427AC06BFAA98F89DD364AE /* ListCard1Cell.swift in Sources */ = {isa = PBXBuildFile; fileRef = 06A316F847F535FAE9939BC3 /* ListCard1Cell.swift */; };
		568AC74CD2CBBC94E3E1DA03 /* HomeViewTwoViewModel.swift in Sources */ = {isa = PBXBuildFile; fileRef = 17513D7CCF82DCB465E0A41A /* HomeViewTwoViewModel.swift */; };
		5E523407B5DE22F69B9508C7 /* NunitoExtraBold.ttf in Resources */ = {isa = PBXBuildFile; fileRef = 6DC9E3D8A536E567565FA7ED /* NunitoExtraBold.ttf */; };
		5F03B09C4CC76164BA5A1544 /* RobotoRomanRegular.ttf in Resources */ = {isa = PBXBuildFile; fileRef = AB2DF481020F3921BC2632C5 /* RobotoRomanRegular.ttf */; };
		60025E34DDCCCDE67A6C313E /* ColorConstants.swift in Sources */ = {isa = PBXBuildFile; fileRef = B474F5BDC87B966FDA7E95E3 /* ColorConstants.swift */; };
		617DE9BD4E7D8ABF50427F06 /* EventViewModel.swift in Sources */ = {isa = PBXBuildFile; fileRef = 526D77F50890AB3C1CB125ED /* EventViewModel.swift */; };
		61B20EDB794761A8FEEB49B6 /* RalewayRegular.ttf in Resources */ = {isa = PBXBuildFile; fileRef = 3A2A71E3068658C87BAE29FA /* RalewayRegular.ttf */; };
		67C8F75BD21271EB58C1BEEF /* RalewaySemiBold.ttf in Resources */ = {isa = PBXBuildFile; fileRef = 4BC4F0B8FA512AFB815B1204 /* RalewaySemiBold.ttf */; };
		6C3099FB43107BD4DD7D73F3 /* MontserratRomanRegular.ttf in Resources */ = {isa = PBXBuildFile; fileRef = E8B69CC4F94989BD6675D3E1 /* MontserratRomanRegular.ttf */; };
		6DC132E537F67FA33003887E /* InterExtraBold.ttf in Resources */ = {isa = PBXBuildFile; fileRef = 12ED355F5668AFADA86D23CA /* InterExtraBold.ttf */; };
		6ED3FD82C028CC705581F531 /* SignInViewModel.swift in Sources */ = {isa = PBXBuildFile; fileRef = 950CB3FB5960D3EA609D4962 /* SignInViewModel.swift */; };
		71FC687B88B20269A1F70E2C /* MonthlyCalendarView.swift in Sources */ = {isa = PBXBuildFile; fileRef = F425F1291266C8715DA0776A /* MonthlyCalendarView.swift */; };
		7280E176CA4B72D700B1CA4E /* DaycellCell.swift in Sources */ = {isa = PBXBuildFile; fileRef = F50A36B2EE4E407DA7E68005 /* DaycellCell.swift */; };
		72BC983E29352D5A00BC45C6 /* PrimaryViewGlobalVars.swift in Sources */ = {isa = PBXBuildFile; fileRef = 72BC983D29352D5A00BC45C6 /* PrimaryViewGlobalVars.swift */; };
		72D5CA8E4EF75D9DE30FE01D /* InterSemiBold.ttf in Resources */ = {isa = PBXBuildFile; fileRef = 43234A4EF321475411DE9184 /* InterSemiBold.ttf */; };
		7425B81BF6EBDE236FBD8706 /* OnboardAvailabilityScreenViewModel.swift in Sources */ = {isa = PBXBuildFile; fileRef = 0237132CA5D0E9E3B4D47CFA /* OnboardAvailabilityScreenViewModel.swift */; };
		7BB3FFDB2DDDF37D208AF9E3 /* HomeViewFiveView.swift in Sources */ = {isa = PBXBuildFile; fileRef = 3F577301E5EBCE59A05F6417 /* HomeViewFiveView.swift */; };
		7C75621779B58AD8E0E5A55E /* EventEditView.swift in Sources */ = {isa = PBXBuildFile; fileRef = 78AE37BD33992DECDA0FBB96 /* EventEditView.swift */; };
		7F44DBA127422A5D00171570 /* ActivityLoader.swift in Sources */ = {isa = PBXBuildFile; fileRef = 7F44DBA027422A5D00171570 /* ActivityLoader.swift */; };
		860C0FB8A87DBE960ED7E469 /* MontserratExtraBold.ttf in Resources */ = {isa = PBXBuildFile; fileRef = D7EE11CE7E8B7B44214AD637 /* MontserratExtraBold.ttf */; };
		884F3E5127B0E65A00963FC4 /* RoundedCornersView.swift in Sources */ = {isa = PBXBuildFile; fileRef = 884F3E5027B0E65A00963FC4 /* RoundedCornersView.swift */; };
		8853052627718DC500B04E6F /* ViewExtension.swift in Sources */ = {isa = PBXBuildFile; fileRef = 8853052527718DC500B04E6F /* ViewExtension.swift */; };
		8853052A27718E2D00B04E6F /* EncodableExtension.swift in Sources */ = {isa = PBXBuildFile; fileRef = 8853052927718E2D00B04E6F /* EncodableExtension.swift */; };
		8853052C2771949600B04E6F /* UINavigationController.swift in Sources */ = {isa = PBXBuildFile; fileRef = 8853052B2771949600B04E6F /* UINavigationController.swift */; };
		88680D1C2775C601002E964F /* ViewportHelper.swift in Sources */ = {isa = PBXBuildFile; fileRef = 88680D1B2775C601002E964F /* ViewportHelper.swift */; };
		888CB47527686A000041116C /* APIExtensions.swift in Sources */ = {isa = PBXBuildFile; fileRef = 888CB47427686A000041116C /* APIExtensions.swift */; };
		88ED74EC272FFE6F0088E3EF /* Assets.xcassets in Resources */ = {isa = PBXBuildFile; fileRef = 88ED74EB272FFE6F0088E3EF /* Assets.xcassets */; };
		88ED74EF272FFE6F0088E3EF /* Preview Assets.xcassets in Resources */ = {isa = PBXBuildFile; fileRef = 88ED74EE272FFE6F0088E3EF /* Preview Assets.xcassets */; };
		88ED7500272FFECA0088E3EF /* Utilities.swift in Sources */ = {isa = PBXBuildFile; fileRef = 88ED74F7272FFECA0088E3EF /* Utilities.swift */; };
		88ED7501272FFECA0088E3EF /* AppConstants.swift in Sources */ = {isa = PBXBuildFile; fileRef = 88ED74F9272FFECA0088E3EF /* AppConstants.swift */; };
		88ED7503272FFECA0088E3EF /* APIManager.swift in Sources */ = {isa = PBXBuildFile; fileRef = 88ED74FD272FFECA0088E3EF /* APIManager.swift */; };
		88ED7504272FFECA0088E3EF /* uFreeApp.swift in Sources */ = {isa = PBXBuildFile; fileRef = 88ED74FF272FFECA0088E3EF /* uFreeApp.swift */; };
		890725C333A7EC7F710836D5 /* EventCreationViewModel.swift in Sources */ = {isa = PBXBuildFile; fileRef = B78468C92A3E65C228788447 /* EventCreationViewModel.swift */; };
		89E6A709C166B80DD6100012 /* EventCreationView.swift in Sources */ = {isa = PBXBuildFile; fileRef = 3112AAF7FB4AB2956BC15235 /* EventCreationView.swift */; };
		8CECDDC384DB47080E01B2CD /* DaysTimeSele2Cell.swift in Sources */ = {isa = PBXBuildFile; fileRef = 1CEAD786183E421CC98C954B /* DaysTimeSele2Cell.swift */; };
		929E176D09B5A9EAA291A273 /* SignUpView.swift in Sources */ = {isa = PBXBuildFile; fileRef = BB61E59CBAD5FC5E24F738F2 /* SignUpView.swift */; };
		9557815947B196C41CBB4F17 /* OptimalTimeViewModel.swift in Sources */ = {isa = PBXBuildFile; fileRef = EFC247153CA7A0F27CCBF2B3 /* OptimalTimeViewModel.swift */; };
		98F6FE9D7F2AF5E5E57C3CEE /* ResetPasswordViewModel.swift in Sources */ = {isa = PBXBuildFile; fileRef = C7903E250E08969D57535C3D /* ResetPasswordViewModel.swift */; };
		9A665838A2777D6AD3EC081F /* FabButton.swift in Sources */ = {isa = PBXBuildFile; fileRef = F554A138A35C48252DFC9D16 /* FabButton.swift */; };
		A06283741D07623932575C79 /* NunitoRegular.ttf in Resources */ = {isa = PBXBuildFile; fileRef = 6F3D0CD38615EA5B03736C9E /* NunitoRegular.ttf */; };
		AB0D271BBBC91FBE77967CCC /* StringScheme.swift in Sources */ = {isa = PBXBuildFile; fileRef = E1CF91695C31A22EFE6A8AC3 /* StringScheme.swift */; };
		AC0071180B92DF266C056830 /* EventABubbleCell.swift in Sources */ = {isa = PBXBuildFile; fileRef = 584EEA0AAC30F9EFD087A150 /* EventABubbleCell.swift */; };
		AC96B43D24D286E4F4491E55 /* RobotoBlack.ttf in Resources */ = {isa = PBXBuildFile; fileRef = 1B6CEC0AF9EE57365C7877BE /* RobotoBlack.ttf */; };
		AD6FEEFEF667639E0F488C8C /* AppnavigationViewModel.swift in Sources */ = {isa = PBXBuildFile; fileRef = 5529F3DA16F4C0899FFF6363 /* AppnavigationViewModel.swift */; };
		AFA19CEC5B76CB385EC95ADD /* MonthlyCalendarViewModel.swift in Sources */ = {isa = PBXBuildFile; fileRef = 9985A360CF3F64DDC9BD93C1 /* MonthlyCalendarViewModel.swift */; };
		B0AFAB36F580A65883AA698C /* WeeklyView.swift in Sources */ = {isa = PBXBuildFile; fileRef = 4AE1BE820826924313D5E382 /* WeeklyView.swift */; };
		B3A7C50586BA100152A4E580 /* AppnavigationView.swift in Sources */ = {isa = PBXBuildFile; fileRef = 24715C3D1E77265F4F41E98C /* AppnavigationView.swift */; };
		B3F2A6F65907E83E012AC13E /* WeeklyView1ViewModel.swift in Sources */ = {isa = PBXBuildFile; fileRef = E7ACB40289D76E51365C5EA3 /* WeeklyView1ViewModel.swift */; };
		C778C9DE95B9AF9B37349897 /* HomeViewFourViewModel.swift in Sources */ = {isa = PBXBuildFile; fileRef = 212E3055475E6A2FE9699E33 /* HomeViewFourViewModel.swift */; };
		CF6151CB6C97ED64F5E5739E /* WeeklyViewModel.swift in Sources */ = {isa = PBXBuildFile; fileRef = C4DD4ED35ADF232C62E09E36 /* WeeklyViewModel.swift */; };
		D0C589B072A7800F9B22FF18 /* EventEditViewModel.swift in Sources */ = {isa = PBXBuildFile; fileRef = 0752AAA305C1F5C8D91BE12E /* EventEditViewModel.swift */; };
		D2270D40BA9929D40A3BA82C /* InterRegular.ttf in Resources */ = {isa = PBXBuildFile; fileRef = E6A790E7E73226EF5E9E0A5A /* InterRegular.ttf */; };
		D5B16A9A3B6540C30027A55F /* EditDefaultforEventScreenViewModel.swift in Sources */ = {isa = PBXBuildFile; fileRef = 4C46BBFBBB615816C0448749 /* EditDefaultforEventScreenViewModel.swift */; };
		D5C66E7F084E39FB120D2651 /* Validation.swift in Sources */ = {isa = PBXBuildFile; fileRef = 7E915332D916E3DB981E508F /* Validation.swift */; };
		D69FBB4C0243CCB2130B40D3 /* GenericCell.swift in Sources */ = {isa = PBXBuildFile; fileRef = 0E45467FF6A28EB4E49DA5DB /* GenericCell.swift */; };
		D8203D43D29C392ABD1083F2 /* ListCardCell.swift in Sources */ = {isa = PBXBuildFile; fileRef = 9B2C37D73D9CB338D8E42323 /* ListCardCell.swift */; };
		D84D46574B665AFAEC310047 /* BubbleContentsCell.swift in Sources */ = {isa = PBXBuildFile; fileRef = 2CD10706AE24BBA5781F3F8D /* BubbleContentsCell.swift */; };
		DAEE72DEFA4C1DDFC0C8652A /* StackrectanglenineoneCell.swift in Sources */ = {isa = PBXBuildFile; fileRef = EE09D3DCE22DA913DB40BBB0 /* StackrectanglenineoneCell.swift */; };
		E0D51FA5A276554D0A116723 /* SmallCardCell.swift in Sources */ = {isa = PBXBuildFile; fileRef = FF5D9112AC72A8B3C56A3785 /* SmallCardCell.swift */; };
		E22D0FB016A0B36DBE59C396 /* HomeViewThreeView.swift in Sources */ = {isa = PBXBuildFile; fileRef = A6C951DE70A9B99874D5EF42 /* HomeViewThreeView.swift */; };
		E5320ED0CA7B13516F6B99CC /* InterExtraLight.ttf in Resources */ = {isa = PBXBuildFile; fileRef = 19EB68457336764D4A206D89 /* InterExtraLight.ttf */; };
		E57CB07A122B06069BB5470A /* ProfileViewModel.swift in Sources */ = {isa = PBXBuildFile; fileRef = 0AAA3781C71F72CC1FC5507D /* ProfileViewModel.swift */; };
		E71C4F1858E44D5ADC9B4191 /* CellsCell.swift in Sources */ = {isa = PBXBuildFile; fileRef = 319B309CD42DD81A25227337 /* CellsCell.swift */; };
		E880E0BC51B63A5C63AD0164 /* SignUpViewModel.swift in Sources */ = {isa = PBXBuildFile; fileRef = 23DF446F30F1E89837E28BD4 /* SignUpViewModel.swift */; };
		ED753A42143A4B465FDEBC4B /* FontScheme.swift in Sources */ = {isa = PBXBuildFile; fileRef = 4B819F86B03443B554A785C3 /* FontScheme.swift */; };
		EDAA02E59ED4577C1071E4E8 /* IntroPageViewModel.swift in Sources */ = {isa = PBXBuildFile; fileRef = C219C12A77E9C526ADDD7175 /* IntroPageViewModel.swift */; };
		EF18A69EFF2BD61B5D69C980 /* HomeViewFiveViewModel.swift in Sources */ = {isa = PBXBuildFile; fileRef = 557A2D63EB4ADC42E62062C0 /* HomeViewFiveViewModel.swift */; };
		EF3695DE2B1D9576195E66ED /* WeeklyView1View.swift in Sources */ = {isa = PBXBuildFile; fileRef = 84C4A00A4DFCF0F339764E2C /* WeeklyView1View.swift */; };
		EF475FA99D14910FB524682A /* FriendsPageViewModel.swift in Sources */ = {isa = PBXBuildFile; fileRef = 1AAD45B6DC1B67DC86B16B49 /* FriendsPageViewModel.swift */; };
		EF62055DF5F8CB2490BF58AA /* Pods_uFree.framework in Frameworks */ = {isa = PBXBuildFile; fileRef = 5A3143EDDE9213326B2F639A /* Pods_uFree.framework */; };
		EFB069B2BFF27504CB5BD5CB /* Stackrectanglenineone1Cell.swift in Sources */ = {isa = PBXBuildFile; fileRef = 7CDF6BAB6A536FD077330C36 /* Stackrectanglenineone1Cell.swift */; };
		F274770B1DB9358D34F4339A /* IntroPageView.swift in Sources */ = {isa = PBXBuildFile; fileRef = 13499CDB254E33937094786A /* IntroPageView.swift */; };
		F37B74C1F7CAD95C0917A041 /* HomeViewThreeViewModel.swift in Sources */ = {isa = PBXBuildFile; fileRef = F1AA3763172AA61799E60670 /* HomeViewThreeViewModel.swift */; };
		FAB6663C2D7F90EF4CD507CE /* SignInView.swift in Sources */ = {isa = PBXBuildFile; fileRef = 77B722934010E0D6525EF81E /* SignInView.swift */; };
		FDAB665C8A2590D9B619FA94 /* IBMPlexSans.ttf in Resources */ = {isa = PBXBuildFile; fileRef = A698BFC5DC1BFE86A90D10C3 /* IBMPlexSans.ttf */; };
		FDE9BB0E47F45F8E104ADF03 /* ResetCodeViewModel.swift in Sources */ = {isa = PBXBuildFile; fileRef = 2E26F38B41134AFEC07B7CF5 /* ResetCodeViewModel.swift */; };
/* End PBXBuildFile section */

/* Begin PBXFileReference section */
		00C3EFD4EA1F3B9F6C91CD25 /* OptimalTimeView.swift */ = {isa = PBXFileReference; includeInIndex = 1; lastKnownFileType = sourcecode.swift; path = OptimalTimeView.swift; sourceTree = "<group>"; };
		0237132CA5D0E9E3B4D47CFA /* OnboardAvailabilityScreenViewModel.swift */ = {isa = PBXFileReference; includeInIndex = 1; lastKnownFileType = sourcecode.swift; path = OnboardAvailabilityScreenViewModel.swift; sourceTree = "<group>"; };
		06A316F847F535FAE9939BC3 /* ListCard1Cell.swift */ = {isa = PBXFileReference; includeInIndex = 1; lastKnownFileType = sourcecode.swift; path = ListCard1Cell.swift; sourceTree = "<group>"; };
		0752AAA305C1F5C8D91BE12E /* EventEditViewModel.swift */ = {isa = PBXFileReference; includeInIndex = 1; lastKnownFileType = sourcecode.swift; path = EventEditViewModel.swift; sourceTree = "<group>"; };
		0AAA3781C71F72CC1FC5507D /* ProfileViewModel.swift */ = {isa = PBXFileReference; includeInIndex = 1; lastKnownFileType = sourcecode.swift; path = ProfileViewModel.swift; sourceTree = "<group>"; };
		0E45467FF6A28EB4E49DA5DB /* GenericCell.swift */ = {isa = PBXFileReference; includeInIndex = 1; lastKnownFileType = sourcecode.swift; path = GenericCell.swift; sourceTree = "<group>"; };
		1090072EEB5CCFF4E0914D33 /* DaysTimeSele1Cell.swift */ = {isa = PBXFileReference; includeInIndex = 1; lastKnownFileType = sourcecode.swift; path = DaysTimeSele1Cell.swift; sourceTree = "<group>"; };
		12ED355F5668AFADA86D23CA /* InterExtraBold.ttf */ = {isa = PBXFileReference; includeInIndex = 1; lastKnownFileType = file; path = InterExtraBold.ttf; sourceTree = "<group>"; };
		13499CDB254E33937094786A /* IntroPageView.swift */ = {isa = PBXFileReference; includeInIndex = 1; lastKnownFileType = sourcecode.swift; path = IntroPageView.swift; sourceTree = "<group>"; };
		17513D7CCF82DCB465E0A41A /* HomeViewTwoViewModel.swift */ = {isa = PBXFileReference; includeInIndex = 1; lastKnownFileType = sourcecode.swift; path = HomeViewTwoViewModel.swift; sourceTree = "<group>"; };
		19EB68457336764D4A206D89 /* InterExtraLight.ttf */ = {isa = PBXFileReference; includeInIndex = 1; lastKnownFileType = file; path = InterExtraLight.ttf; sourceTree = "<group>"; };
		1AAD45B6DC1B67DC86B16B49 /* FriendsPageViewModel.swift */ = {isa = PBXFileReference; includeInIndex = 1; lastKnownFileType = sourcecode.swift; path = FriendsPageViewModel.swift; sourceTree = "<group>"; };
		1B6CEC0AF9EE57365C7877BE /* RobotoBlack.ttf */ = {isa = PBXFileReference; includeInIndex = 1; lastKnownFileType = file; path = RobotoBlack.ttf; sourceTree = "<group>"; };
		1CEAD786183E421CC98C954B /* DaysTimeSele2Cell.swift */ = {isa = PBXFileReference; includeInIndex = 1; lastKnownFileType = sourcecode.swift; path = DaysTimeSele2Cell.swift; sourceTree = "<group>"; };
		212E3055475E6A2FE9699E33 /* HomeViewFourViewModel.swift */ = {isa = PBXFileReference; includeInIndex = 1; lastKnownFileType = sourcecode.swift; path = HomeViewFourViewModel.swift; sourceTree = "<group>"; };
		21A9A0A9DF29D8F55D0C878A /* InterBold.ttf */ = {isa = PBXFileReference; includeInIndex = 1; lastKnownFileType = file; path = InterBold.ttf; sourceTree = "<group>"; };
		23DF446F30F1E89837E28BD4 /* SignUpViewModel.swift */ = {isa = PBXFileReference; includeInIndex = 1; lastKnownFileType = sourcecode.swift; path = SignUpViewModel.swift; sourceTree = "<group>"; };
		24715C3D1E77265F4F41E98C /* AppnavigationView.swift */ = {isa = PBXFileReference; includeInIndex = 1; lastKnownFileType = sourcecode.swift; path = AppnavigationView.swift; sourceTree = "<group>"; };
		26FBF13C1AEA646897CF26F6 /* OnboardAvailabilityScreenView.swift */ = {isa = PBXFileReference; includeInIndex = 1; lastKnownFileType = sourcecode.swift; path = OnboardAvailabilityScreenView.swift; sourceTree = "<group>"; };
		2CD10706AE24BBA5781F3F8D /* BubbleContentsCell.swift */ = {isa = PBXFileReference; includeInIndex = 1; lastKnownFileType = sourcecode.swift; path = BubbleContentsCell.swift; sourceTree = "<group>"; };
		2E26F38B41134AFEC07B7CF5 /* ResetCodeViewModel.swift */ = {isa = PBXFileReference; includeInIndex = 1; lastKnownFileType = sourcecode.swift; path = ResetCodeViewModel.swift; sourceTree = "<group>"; };
		3112AAF7FB4AB2956BC15235 /* EventCreationView.swift */ = {isa = PBXFileReference; includeInIndex = 1; lastKnownFileType = sourcecode.swift; path = EventCreationView.swift; sourceTree = "<group>"; };
		318AE7C0A1F7F1A885251721 /* EventView.swift */ = {isa = PBXFileReference; includeInIndex = 1; lastKnownFileType = sourcecode.swift; path = EventView.swift; sourceTree = "<group>"; };
		319B309CD42DD81A25227337 /* CellsCell.swift */ = {isa = PBXFileReference; includeInIndex = 1; lastKnownFileType = sourcecode.swift; path = CellsCell.swift; sourceTree = "<group>"; };
		3A2A71E3068658C87BAE29FA /* RalewayRegular.ttf */ = {isa = PBXFileReference; includeInIndex = 1; lastKnownFileType = file; path = RalewayRegular.ttf; sourceTree = "<group>"; };
		3A7F1FD83F4DC874BC1DCBE0 /* DaysTimeSeleCell.swift */ = {isa = PBXFileReference; includeInIndex = 1; lastKnownFileType = sourcecode.swift; path = DaysTimeSeleCell.swift; sourceTree = "<group>"; };
		3F577301E5EBCE59A05F6417 /* HomeViewFiveView.swift */ = {isa = PBXFileReference; includeInIndex = 1; lastKnownFileType = sourcecode.swift; path = HomeViewFiveView.swift; sourceTree = "<group>"; };
		43234A4EF321475411DE9184 /* InterSemiBold.ttf */ = {isa = PBXFileReference; includeInIndex = 1; lastKnownFileType = file; path = InterSemiBold.ttf; sourceTree = "<group>"; };
		456835F51A531C352CE1383A /* FriendsPageView.swift */ = {isa = PBXFileReference; includeInIndex = 1; lastKnownFileType = sourcecode.swift; path = FriendsPageView.swift; sourceTree = "<group>"; };
		4AE1BE820826924313D5E382 /* WeeklyView.swift */ = {isa = PBXFileReference; includeInIndex = 1; lastKnownFileType = sourcecode.swift; path = WeeklyView.swift; sourceTree = "<group>"; };
		4B819F86B03443B554A785C3 /* FontScheme.swift */ = {isa = PBXFileReference; includeInIndex = 1; lastKnownFileType = sourcecode.swift; path = FontScheme.swift; sourceTree = "<group>"; };
		4BC4F0B8FA512AFB815B1204 /* RalewaySemiBold.ttf */ = {isa = PBXFileReference; includeInIndex = 1; lastKnownFileType = file; path = RalewaySemiBold.ttf; sourceTree = "<group>"; };
		4C46BBFBBB615816C0448749 /* EditDefaultforEventScreenViewModel.swift */ = {isa = PBXFileReference; includeInIndex = 1; lastKnownFileType = sourcecode.swift; path = EditDefaultforEventScreenViewModel.swift; sourceTree = "<group>"; };
		5132C3CA292AF04A0050D887 /* GoogleService-Info.plist */ = {isa = PBXFileReference; fileEncoding = 4; lastKnownFileType = text.plist.xml; path = "GoogleService-Info.plist"; sourceTree = "<group>"; };
		5156CA18293C579A0004EC27 /* CreatorConfirmTimeView.swift */ = {isa = PBXFileReference; lastKnownFileType = sourcecode.swift; path = CreatorConfirmTimeView.swift; sourceTree = "<group>"; };
		5156CA1A293C57D20004EC27 /* CreatorConfirmTimeCellView.swift */ = {isa = PBXFileReference; lastKnownFileType = sourcecode.swift; path = CreatorConfirmTimeCellView.swift; sourceTree = "<group>"; };
		5198EB8E292AFD2F003BD2AD /* AuthenticationViewModel.swift */ = {isa = PBXFileReference; lastKnownFileType = sourcecode.swift; path = AuthenticationViewModel.swift; sourceTree = "<group>"; };
		519D43872934AA0B00FCE23B /* PrimaryView.swift */ = {isa = PBXFileReference; fileEncoding = 4; lastKnownFileType = sourcecode.swift; path = PrimaryView.swift; sourceTree = "<group>"; };
		519D438C2934ABC100FCE23B /* ContentView.swift */ = {isa = PBXFileReference; lastKnownFileType = sourcecode.swift; path = ContentView.swift; sourceTree = "<group>"; };
		526D77F50890AB3C1CB125ED /* EventViewModel.swift */ = {isa = PBXFileReference; includeInIndex = 1; lastKnownFileType = sourcecode.swift; path = EventViewModel.swift; sourceTree = "<group>"; };
		534F7A7611B6184BE36BB808 /* TabsView.swift */ = {isa = PBXFileReference; includeInIndex = 1; lastKnownFileType = sourcecode.swift; path = TabsView.swift; sourceTree = "<group>"; };
		5529F3DA16F4C0899FFF6363 /* AppnavigationViewModel.swift */ = {isa = PBXFileReference; includeInIndex = 1; lastKnownFileType = sourcecode.swift; path = AppnavigationViewModel.swift; sourceTree = "<group>"; };
		557A2D63EB4ADC42E62062C0 /* HomeViewFiveViewModel.swift */ = {isa = PBXFileReference; includeInIndex = 1; lastKnownFileType = sourcecode.swift; path = HomeViewFiveViewModel.swift; sourceTree = "<group>"; };
		584EEA0AAC30F9EFD087A150 /* EventABubbleCell.swift */ = {isa = PBXFileReference; includeInIndex = 1; lastKnownFileType = sourcecode.swift; path = EventABubbleCell.swift; sourceTree = "<group>"; };
		5A3143EDDE9213326B2F639A /* Pods_uFree.framework */ = {isa = PBXFileReference; explicitFileType = wrapper.framework; includeInIndex = 0; path = Pods_uFree.framework; sourceTree = BUILT_PRODUCTS_DIR; };
		5D7CECB28FE1D14F40D8A42C /* HomePageViewModel.swift */ = {isa = PBXFileReference; includeInIndex = 1; lastKnownFileType = sourcecode.swift; path = HomePageViewModel.swift; sourceTree = "<group>"; };
		6640E0444C5B629392259285 /* HomeViewTwoView.swift */ = {isa = PBXFileReference; includeInIndex = 1; lastKnownFileType = sourcecode.swift; path = HomeViewTwoView.swift; sourceTree = "<group>"; };
		66D6AA09BA141D7FA585AEAC /* PagerView.swift */ = {isa = PBXFileReference; includeInIndex = 1; lastKnownFileType = sourcecode.swift; path = PagerView.swift; sourceTree = "<group>"; };
		6DC9E3D8A536E567565FA7ED /* NunitoExtraBold.ttf */ = {isa = PBXFileReference; includeInIndex = 1; lastKnownFileType = file; path = NunitoExtraBold.ttf; sourceTree = "<group>"; };
		6F3D0CD38615EA5B03736C9E /* NunitoRegular.ttf */ = {isa = PBXFileReference; includeInIndex = 1; lastKnownFileType = file; path = NunitoRegular.ttf; sourceTree = "<group>"; };
		72BC983D29352D5A00BC45C6 /* PrimaryViewGlobalVars.swift */ = {isa = PBXFileReference; lastKnownFileType = sourcecode.swift; path = PrimaryViewGlobalVars.swift; sourceTree = "<group>"; };
		76A3B02F73D8CA5F3CFCDC52 /* ProfileView.swift */ = {isa = PBXFileReference; includeInIndex = 1; lastKnownFileType = sourcecode.swift; path = ProfileView.swift; sourceTree = "<group>"; };
		77B722934010E0D6525EF81E /* SignInView.swift */ = {isa = PBXFileReference; includeInIndex = 1; lastKnownFileType = sourcecode.swift; path = SignInView.swift; sourceTree = "<group>"; };
		78AE37BD33992DECDA0FBB96 /* EventEditView.swift */ = {isa = PBXFileReference; includeInIndex = 1; lastKnownFileType = sourcecode.swift; path = EventEditView.swift; sourceTree = "<group>"; };
		79CFF0B7A5577E3009E9567F /* ResetCodeView.swift */ = {isa = PBXFileReference; includeInIndex = 1; lastKnownFileType = sourcecode.swift; path = ResetCodeView.swift; sourceTree = "<group>"; };
		7BDB49C7B87549F3F10504BB /* Pods-uFree.release.xcconfig */ = {isa = PBXFileReference; includeInIndex = 1; lastKnownFileType = text.xcconfig; name = "Pods-uFree.release.xcconfig"; path = "Target Support Files/Pods-uFree/Pods-uFree.release.xcconfig"; sourceTree = "<group>"; };
		7CDF6BAB6A536FD077330C36 /* Stackrectanglenineone1Cell.swift */ = {isa = PBXFileReference; includeInIndex = 1; lastKnownFileType = sourcecode.swift; path = Stackrectanglenineone1Cell.swift; sourceTree = "<group>"; };
		7E915332D916E3DB981E508F /* Validation.swift */ = {isa = PBXFileReference; includeInIndex = 1; lastKnownFileType = sourcecode.swift; path = Validation.swift; sourceTree = "<group>"; };
		7F44DBA027422A5D00171570 /* ActivityLoader.swift */ = {isa = PBXFileReference; lastKnownFileType = sourcecode.swift; path = ActivityLoader.swift; sourceTree = "<group>"; };
		84C4A00A4DFCF0F339764E2C /* WeeklyView1View.swift */ = {isa = PBXFileReference; includeInIndex = 1; lastKnownFileType = sourcecode.swift; path = WeeklyView1View.swift; sourceTree = "<group>"; };
		884F3E5027B0E65A00963FC4 /* RoundedCornersView.swift */ = {isa = PBXFileReference; lastKnownFileType = sourcecode.swift; path = RoundedCornersView.swift; sourceTree = "<group>"; };
		8853052527718DC500B04E6F /* ViewExtension.swift */ = {isa = PBXFileReference; lastKnownFileType = sourcecode.swift; path = ViewExtension.swift; sourceTree = "<group>"; };
		8853052927718E2D00B04E6F /* EncodableExtension.swift */ = {isa = PBXFileReference; lastKnownFileType = sourcecode.swift; path = EncodableExtension.swift; sourceTree = "<group>"; };
		8853052B2771949600B04E6F /* UINavigationController.swift */ = {isa = PBXFileReference; fileEncoding = 4; lastKnownFileType = sourcecode.swift; path = UINavigationController.swift; sourceTree = "<group>"; };
		88680D1B2775C601002E964F /* ViewportHelper.swift */ = {isa = PBXFileReference; lastKnownFileType = sourcecode.swift; path = ViewportHelper.swift; sourceTree = "<group>"; };
		888CB47427686A000041116C /* APIExtensions.swift */ = {isa = PBXFileReference; lastKnownFileType = sourcecode.swift; path = APIExtensions.swift; sourceTree = "<group>"; };
		88ED74E4272FFE6E0088E3EF /* uFree.app */ = {isa = PBXFileReference; explicitFileType = wrapper.application; includeInIndex = 0; path = uFree.app; sourceTree = BUILT_PRODUCTS_DIR; };
		88ED74EB272FFE6F0088E3EF /* Assets.xcassets */ = {isa = PBXFileReference; lastKnownFileType = folder.assetcatalog; path = Assets.xcassets; sourceTree = "<group>"; };
		88ED74EE272FFE6F0088E3EF /* Preview Assets.xcassets */ = {isa = PBXFileReference; lastKnownFileType = folder.assetcatalog; path = "Preview Assets.xcassets"; sourceTree = "<group>"; };
		88ED74F0272FFE6F0088E3EF /* Info.plist */ = {isa = PBXFileReference; lastKnownFileType = text.plist.xml; path = Info.plist; sourceTree = "<group>"; };
		88ED74F7272FFECA0088E3EF /* Utilities.swift */ = {isa = PBXFileReference; fileEncoding = 4; lastKnownFileType = sourcecode.swift; path = Utilities.swift; sourceTree = "<group>"; };
		88ED74F9272FFECA0088E3EF /* AppConstants.swift */ = {isa = PBXFileReference; fileEncoding = 4; lastKnownFileType = sourcecode.swift; path = AppConstants.swift; sourceTree = "<group>"; };
		88ED74FD272FFECA0088E3EF /* APIManager.swift */ = {isa = PBXFileReference; fileEncoding = 4; lastKnownFileType = sourcecode.swift; path = APIManager.swift; sourceTree = "<group>"; };
		88ED74FF272FFECA0088E3EF /* uFreeApp.swift */ = {isa = PBXFileReference; fileEncoding = 4; lastKnownFileType = sourcecode.swift; path = uFreeApp.swift; sourceTree = "<group>"; };
		8BB7166AE0F72DCA674EB4FF /* EditDefaultforEventScreenView.swift */ = {isa = PBXFileReference; includeInIndex = 1; lastKnownFileType = sourcecode.swift; path = EditDefaultforEventScreenView.swift; sourceTree = "<group>"; };
		903C53847328BE6D94E81559 /* Pods-uFree.debug.xcconfig */ = {isa = PBXFileReference; includeInIndex = 1; lastKnownFileType = text.xcconfig; name = "Pods-uFree.debug.xcconfig"; path = "Target Support Files/Pods-uFree/Pods-uFree.debug.xcconfig"; sourceTree = "<group>"; };
		950CB3FB5960D3EA609D4962 /* SignInViewModel.swift */ = {isa = PBXFileReference; includeInIndex = 1; lastKnownFileType = sourcecode.swift; path = SignInViewModel.swift; sourceTree = "<group>"; };
		9985A360CF3F64DDC9BD93C1 /* MonthlyCalendarViewModel.swift */ = {isa = PBXFileReference; includeInIndex = 1; lastKnownFileType = sourcecode.swift; path = MonthlyCalendarViewModel.swift; sourceTree = "<group>"; };
		9B2C37D73D9CB338D8E42323 /* ListCardCell.swift */ = {isa = PBXFileReference; includeInIndex = 1; lastKnownFileType = sourcecode.swift; path = ListCardCell.swift; sourceTree = "<group>"; };
		A698BFC5DC1BFE86A90D10C3 /* IBMPlexSans.ttf */ = {isa = PBXFileReference; includeInIndex = 1; lastKnownFileType = file; path = IBMPlexSans.ttf; sourceTree = "<group>"; };
		A6C951DE70A9B99874D5EF42 /* HomeViewThreeView.swift */ = {isa = PBXFileReference; includeInIndex = 1; lastKnownFileType = sourcecode.swift; path = HomeViewThreeView.swift; sourceTree = "<group>"; };
		AB2DF481020F3921BC2632C5 /* RobotoRomanRegular.ttf */ = {isa = PBXFileReference; includeInIndex = 1; lastKnownFileType = file; path = RobotoRomanRegular.ttf; sourceTree = "<group>"; };
		B474F5BDC87B966FDA7E95E3 /* ColorConstants.swift */ = {isa = PBXFileReference; includeInIndex = 1; lastKnownFileType = sourcecode.swift; path = ColorConstants.swift; sourceTree = "<group>"; };
		B69D9C62544E7C43709E3A93 /* ResetPasswordView.swift */ = {isa = PBXFileReference; includeInIndex = 1; lastKnownFileType = sourcecode.swift; path = ResetPasswordView.swift; sourceTree = "<group>"; };
		B78468C92A3E65C228788447 /* EventCreationViewModel.swift */ = {isa = PBXFileReference; includeInIndex = 1; lastKnownFileType = sourcecode.swift; path = EventCreationViewModel.swift; sourceTree = "<group>"; };
		BB61E59CBAD5FC5E24F738F2 /* SignUpView.swift */ = {isa = PBXFileReference; includeInIndex = 1; lastKnownFileType = sourcecode.swift; path = SignUpView.swift; sourceTree = "<group>"; };
		C219C12A77E9C526ADDD7175 /* IntroPageViewModel.swift */ = {isa = PBXFileReference; includeInIndex = 1; lastKnownFileType = sourcecode.swift; path = IntroPageViewModel.swift; sourceTree = "<group>"; };
		C369B8B8619086178FE5E379 /* HomePageView.swift */ = {isa = PBXFileReference; includeInIndex = 1; lastKnownFileType = sourcecode.swift; path = HomePageView.swift; sourceTree = "<group>"; };
		C4DD4ED35ADF232C62E09E36 /* WeeklyViewModel.swift */ = {isa = PBXFileReference; includeInIndex = 1; lastKnownFileType = sourcecode.swift; path = WeeklyViewModel.swift; sourceTree = "<group>"; };
		C54D317853C6D190E6E49405 /* InterMedium.ttf */ = {isa = PBXFileReference; includeInIndex = 1; lastKnownFileType = file; path = InterMedium.ttf; sourceTree = "<group>"; };
		C7903E250E08969D57535C3D /* ResetPasswordViewModel.swift */ = {isa = PBXFileReference; includeInIndex = 1; lastKnownFileType = sourcecode.swift; path = ResetPasswordViewModel.swift; sourceTree = "<group>"; };
		C9B68355BB1A2D22C140EF6F /* NunitoSemiBold.ttf */ = {isa = PBXFileReference; includeInIndex = 1; lastKnownFileType = file; path = NunitoSemiBold.ttf; sourceTree = "<group>"; };
		D7EE11CE7E8B7B44214AD637 /* MontserratExtraBold.ttf */ = {isa = PBXFileReference; includeInIndex = 1; lastKnownFileType = file; path = MontserratExtraBold.ttf; sourceTree = "<group>"; };
		E0D4D0E6C3CAF2C5B54FF9B3 /* RobotoRomanThin.ttf */ = {isa = PBXFileReference; includeInIndex = 1; lastKnownFileType = file; path = RobotoRomanThin.ttf; sourceTree = "<group>"; };
		E1CF91695C31A22EFE6A8AC3 /* StringScheme.swift */ = {isa = PBXFileReference; includeInIndex = 1; lastKnownFileType = sourcecode.swift; path = StringScheme.swift; sourceTree = "<group>"; };
		E6A790E7E73226EF5E9E0A5A /* InterRegular.ttf */ = {isa = PBXFileReference; includeInIndex = 1; lastKnownFileType = file; path = InterRegular.ttf; sourceTree = "<group>"; };
		E7ACB40289D76E51365C5EA3 /* WeeklyView1ViewModel.swift */ = {isa = PBXFileReference; includeInIndex = 1; lastKnownFileType = sourcecode.swift; path = WeeklyView1ViewModel.swift; sourceTree = "<group>"; };
		E8B69CC4F94989BD6675D3E1 /* MontserratRomanRegular.ttf */ = {isa = PBXFileReference; includeInIndex = 1; lastKnownFileType = file; path = MontserratRomanRegular.ttf; sourceTree = "<group>"; };
		EE09D3DCE22DA913DB40BBB0 /* StackrectanglenineoneCell.swift */ = {isa = PBXFileReference; includeInIndex = 1; lastKnownFileType = sourcecode.swift; path = StackrectanglenineoneCell.swift; sourceTree = "<group>"; };
		EFA4CF45C34A92787E56A072 /* NotoSans.ttf */ = {isa = PBXFileReference; includeInIndex = 1; lastKnownFileType = file; path = NotoSans.ttf; sourceTree = "<group>"; };
		EFC247153CA7A0F27CCBF2B3 /* OptimalTimeViewModel.swift */ = {isa = PBXFileReference; includeInIndex = 1; lastKnownFileType = sourcecode.swift; path = OptimalTimeViewModel.swift; sourceTree = "<group>"; };
		F1AA3763172AA61799E60670 /* HomeViewThreeViewModel.swift */ = {isa = PBXFileReference; includeInIndex = 1; lastKnownFileType = sourcecode.swift; path = HomeViewThreeViewModel.swift; sourceTree = "<group>"; };
		F425F1291266C8715DA0776A /* MonthlyCalendarView.swift */ = {isa = PBXFileReference; includeInIndex = 1; lastKnownFileType = sourcecode.swift; path = MonthlyCalendarView.swift; sourceTree = "<group>"; };
		F50A36B2EE4E407DA7E68005 /* DaycellCell.swift */ = {isa = PBXFileReference; includeInIndex = 1; lastKnownFileType = sourcecode.swift; path = DaycellCell.swift; sourceTree = "<group>"; };
		F554A138A35C48252DFC9D16 /* FabButton.swift */ = {isa = PBXFileReference; includeInIndex = 1; lastKnownFileType = sourcecode.swift; path = FabButton.swift; sourceTree = "<group>"; };
		F75A749BE07D83A3780848B8 /* HomeViewFourView.swift */ = {isa = PBXFileReference; includeInIndex = 1; lastKnownFileType = sourcecode.swift; path = HomeViewFourView.swift; sourceTree = "<group>"; };
		FC5EC62FDE098DCC01BEB3FF /* InterBlack.ttf */ = {isa = PBXFileReference; includeInIndex = 1; lastKnownFileType = file; path = InterBlack.ttf; sourceTree = "<group>"; };
		FF5D9112AC72A8B3C56A3785 /* SmallCardCell.swift */ = {isa = PBXFileReference; includeInIndex = 1; lastKnownFileType = sourcecode.swift; path = SmallCardCell.swift; sourceTree = "<group>"; };
/* End PBXFileReference section */

/* Begin PBXFrameworksBuildPhase section */
		88ED74E1272FFE6E0088E3EF /* Frameworks */ = {
			isa = PBXFrameworksBuildPhase;
			buildActionMask = 2147483647;
			files = (
				5198EB8B292AF793003BD2AD /* FirebaseDatabase in Frameworks */,
				5198EB87292AF5B7003BD2AD /* FirebaseAnalytics in Frameworks */,
				5198EB89292AF5B7003BD2AD /* FirebaseAnalyticsSwift in Frameworks */,
				5132C3D0292AF17E0050D887 /* FirebaseAnalyticsSwift in Frameworks */,
				5198EB8D292AF9B5003BD2AD /* FirebaseAuth in Frameworks */,
				519D438F2934C10100FCE23B /* FirebaseFirestore in Frameworks */,
				5132C3CE292AF17E0050D887 /* FirebaseAnalytics in Frameworks */,
				519D43912934C10A00FCE23B /* FirebaseFirestoreSwift in Frameworks */,
				EF62055DF5F8CB2490BF58AA /* Pods_uFree.framework in Frameworks */,
			);
			runOnlyForDeploymentPostprocessing = 0;
		};
/* End PBXFrameworksBuildPhase section */

/* Begin PBXGroup section */
		00633671FB723CE104AC6CEE /* TabAndPager */ = {
			isa = PBXGroup;
			children = (
				534F7A7611B6184BE36BB808 /* TabsView.swift */,
				66D6AA09BA141D7FA585AEAC /* PagerView.swift */,
			);
			path = TabAndPager;
			sourceTree = "<group>";
		};
		02F01A134E54B20C459B42EC /* HomeViewFourView */ = {
			isa = PBXGroup;
			children = (
				F75A749BE07D83A3780848B8 /* HomeViewFourView.swift */,
				212E3055475E6A2FE9699E33 /* HomeViewFourViewModel.swift */,
			);
			path = HomeViewFourView;
			sourceTree = "<group>";
		};
		0563A4E473E37D5303C84B31 /* MonthlyCalendarView */ = {
			isa = PBXGroup;
			children = (
				F425F1291266C8715DA0776A /* MonthlyCalendarView.swift */,
				3EB0CF53D0A4B7DC711C1CBE /* Cell */,
				9985A360CF3F64DDC9BD93C1 /* MonthlyCalendarViewModel.swift */,
			);
			path = MonthlyCalendarView;
			sourceTree = "<group>";
		};
		0E9A6584A85BC4097E2F59CE /* Cell */ = {
			isa = PBXGroup;
			children = (
				584EEA0AAC30F9EFD087A150 /* EventABubbleCell.swift */,
				2CD10706AE24BBA5781F3F8D /* BubbleContentsCell.swift */,
			);
			path = Cell;
			sourceTree = "<group>";
		};
		2220BE66224F7F9772B5BCFC /* EventCreationView */ = {
			isa = PBXGroup;
			children = (
				3112AAF7FB4AB2956BC15235 /* EventCreationView.swift */,
				2D7F205F7CCC31B3278C8A06 /* Cell */,
				B78468C92A3E65C228788447 /* EventCreationViewModel.swift */,
			);
			path = EventCreationView;
			sourceTree = "<group>";
		};
		29434A1779A32D44E546E2E5 /* HomePageView */ = {
			isa = PBXGroup;
			children = (
				C369B8B8619086178FE5E379 /* HomePageView.swift */,
				8EB175A26E02083A9E9EFC52 /* Cell */,
				5D7CECB28FE1D14F40D8A42C /* HomePageViewModel.swift */,
			);
			path = HomePageView;
			sourceTree = "<group>";
		};
		2D7F205F7CCC31B3278C8A06 /* Cell */ = {
			isa = PBXGroup;
			children = (
				EE09D3DCE22DA913DB40BBB0 /* StackrectanglenineoneCell.swift */,
			);
			path = Cell;
			sourceTree = "<group>";
		};
		3068EE7E361BC3DD809CC9B4 /* HomeViewThreeView */ = {
			isa = PBXGroup;
			children = (
				A6C951DE70A9B99874D5EF42 /* HomeViewThreeView.swift */,
				48C2729865EF7469D5B601DC /* Cell */,
				F1AA3763172AA61799E60670 /* HomeViewThreeViewModel.swift */,
			);
			path = HomeViewThreeView;
			sourceTree = "<group>";
		};
		3977BC6504A937B4821C515A /* Views */ = {
			isa = PBXGroup;
			children = (
				CFFE5F457B63828F5FA8DE6D /* IntroPageView */,
				776FC4BEFDD2ECE8BE3745AD /* SignUpView */,
				9548037FED94F2972D2D2472 /* SignInView */,
				719AA333F5237665D8B3D380 /* OnboardAvailabilityScreenView */,
				519D43892934AA1200FCE23B /* PrimaryView */,
				29434A1779A32D44E546E2E5 /* HomePageView */,
				2220BE66224F7F9772B5BCFC /* EventCreationView */,
				E46803C4EA0F6D53323B1FE3 /* EventView */,
				A6195AEF36A8F76B323C387C /* OptimalTimeView */,
				5156CA17293C57440004EC27 /* CreatorConfirmTimeView */,
				BCB69671167C497D6CEAE976 /* ProfileView */,
				8DFEA416017EA64806A7DE60 /* EventEditView */,
				0563A4E473E37D5303C84B31 /* MonthlyCalendarView */,
				F7AADA805683CDA3C0F816BE /* WeeklyView */,
				AFFF46C140018E666EB31054 /* WeeklyView1View */,
				83A090F01A3D3531E1DA7DC3 /* FriendsPageView */,
				718C5F34A865C410E8F1BBF1 /* ResetCodeView */,
				803C144871FCFEC7B8F2AF77 /* ResetPasswordView */,
				F3DB1926EB69CDC0B6C07E50 /* HomeViewTwoView */,
				A5E99AA8B992240685376016 /* EditDefaultforEventScreenView */,
				3068EE7E361BC3DD809CC9B4 /* HomeViewThreeView */,
				02F01A134E54B20C459B42EC /* HomeViewFourView */,
				479364D9AB277613B6799035 /* HomeViewFiveView */,
				766E4703ECA0B97925C63513 /* AppnavigationView */,
			);
			path = Views;
			sourceTree = "<group>";
		};
		3EB0CF53D0A4B7DC711C1CBE /* Cell */ = {
			isa = PBXGroup;
			children = (
				F50A36B2EE4E407DA7E68005 /* DaycellCell.swift */,
			);
			path = Cell;
			sourceTree = "<group>";
		};
		41104CE12572793B942925F0 /* FabButton */ = {
			isa = PBXGroup;
			children = (
				F554A138A35C48252DFC9D16 /* FabButton.swift */,
			);
			path = FabButton;
			sourceTree = "<group>";
		};
		479364D9AB277613B6799035 /* HomeViewFiveView */ = {
			isa = PBXGroup;
			children = (
				3F577301E5EBCE59A05F6417 /* HomeViewFiveView.swift */,
				557A2D63EB4ADC42E62062C0 /* HomeViewFiveViewModel.swift */,
			);
			path = HomeViewFiveView;
			sourceTree = "<group>";
		};
		48C2729865EF7469D5B601DC /* Cell */ = {
			isa = PBXGroup;
			children = (
				06A316F847F535FAE9939BC3 /* ListCard1Cell.swift */,
			);
			path = Cell;
			sourceTree = "<group>";
		};
		5156CA17293C57440004EC27 /* CreatorConfirmTimeView */ = {
			isa = PBXGroup;
			children = (
				5156CA18293C579A0004EC27 /* CreatorConfirmTimeView.swift */,
				5156CA1A293C57D20004EC27 /* CreatorConfirmTimeCellView.swift */,
			);
			path = CreatorConfirmTimeView;
			sourceTree = "<group>";
		};
		519D43892934AA1200FCE23B /* PrimaryView */ = {
			isa = PBXGroup;
			children = (
				519D43872934AA0B00FCE23B /* PrimaryView.swift */,
				72BC983D29352D5A00BC45C6 /* PrimaryViewGlobalVars.swift */,
			);
			name = PrimaryView;
			path = ../PrimaryView;
			sourceTree = "<group>";
		};
		52E2627DF9B6E63BEBAEBBA7 /* Frameworks */ = {
			isa = PBXGroup;
			children = (
				5A3143EDDE9213326B2F639A /* Pods_uFree.framework */,
			);
			name = Frameworks;
			sourceTree = "<group>";
		};
		5E15ECAC31A69ED05AD05ABB /* Cell */ = {
			isa = PBXGroup;
			children = (
				7CDF6BAB6A536FD077330C36 /* Stackrectanglenineone1Cell.swift */,
			);
			path = Cell;
			sourceTree = "<group>";
		};
		6F608FE24A7ED711BB129FFD /* Pods */ = {
			isa = PBXGroup;
			children = (
				903C53847328BE6D94E81559 /* Pods-uFree.debug.xcconfig */,
				7BDB49C7B87549F3F10504BB /* Pods-uFree.release.xcconfig */,
			);
			path = Pods;
			sourceTree = "<group>";
		};
		718C5F34A865C410E8F1BBF1 /* ResetCodeView */ = {
			isa = PBXGroup;
			children = (
				79CFF0B7A5577E3009E9567F /* ResetCodeView.swift */,
				2E26F38B41134AFEC07B7CF5 /* ResetCodeViewModel.swift */,
			);
			path = ResetCodeView;
			sourceTree = "<group>";
		};
		719AA333F5237665D8B3D380 /* OnboardAvailabilityScreenView */ = {
			isa = PBXGroup;
			children = (
				26FBF13C1AEA646897CF26F6 /* OnboardAvailabilityScreenView.swift */,
				7CCABD48D4E564582FC0E79E /* Cell */,
				0237132CA5D0E9E3B4D47CFA /* OnboardAvailabilityScreenViewModel.swift */,
			);
			path = OnboardAvailabilityScreenView;
			sourceTree = "<group>";
		};
		71F0BFD40332D2708B4A7EBB /* CustomViews */ = {
			isa = PBXGroup;
			children = (
				41104CE12572793B942925F0 /* FabButton */,
				00633671FB723CE104AC6CEE /* TabAndPager */,
			);
			path = CustomViews;
			sourceTree = "<group>";
		};
		766E4703ECA0B97925C63513 /* AppnavigationView */ = {
			isa = PBXGroup;
			children = (
				24715C3D1E77265F4F41E98C /* AppnavigationView.swift */,
				5529F3DA16F4C0899FFF6363 /* AppnavigationViewModel.swift */,
			);
			path = AppnavigationView;
			sourceTree = "<group>";
		};
		776FC4BEFDD2ECE8BE3745AD /* SignUpView */ = {
			isa = PBXGroup;
			children = (
				BB61E59CBAD5FC5E24F738F2 /* SignUpView.swift */,
				23DF446F30F1E89837E28BD4 /* SignUpViewModel.swift */,
			);
			path = SignUpView;
			sourceTree = "<group>";
		};
		7CCABD48D4E564582FC0E79E /* Cell */ = {
			isa = PBXGroup;
			children = (
				1090072EEB5CCFF4E0914D33 /* DaysTimeSele1Cell.swift */,
			);
			path = Cell;
			sourceTree = "<group>";
		};
		7F44DB9E27422A4200171570 /* Helper */ = {
			isa = PBXGroup;
			children = (
				88680D1A2775C5BD002E964F /* Viewport */,
				7F44DB9F27422A4200171570 /* ActivityLoader */,
			);
			path = Helper;
			sourceTree = "<group>";
		};
		7F44DB9F27422A4200171570 /* ActivityLoader */ = {
			isa = PBXGroup;
			children = (
				7F44DBA027422A5D00171570 /* ActivityLoader.swift */,
			);
			path = ActivityLoader;
			sourceTree = "<group>";
		};
		803C144871FCFEC7B8F2AF77 /* ResetPasswordView */ = {
			isa = PBXGroup;
			children = (
				B69D9C62544E7C43709E3A93 /* ResetPasswordView.swift */,
				C7903E250E08969D57535C3D /* ResetPasswordViewModel.swift */,
			);
			path = ResetPasswordView;
			sourceTree = "<group>";
		};
		83A090F01A3D3531E1DA7DC3 /* FriendsPageView */ = {
			isa = PBXGroup;
			children = (
				456835F51A531C352CE1383A /* FriendsPageView.swift */,
				DBB85EED70D8FE6C38A8A00D /* Cell */,
				1AAD45B6DC1B67DC86B16B49 /* FriendsPageViewModel.swift */,
			);
			path = FriendsPageView;
			sourceTree = "<group>";
		};
		88680D1A2775C5BD002E964F /* Viewport */ = {
			isa = PBXGroup;
			children = (
				88680D1B2775C601002E964F /* ViewportHelper.swift */,
			);
			path = Viewport;
			sourceTree = "<group>";
		};
		88ED74DB272FFE6E0088E3EF = {
			isa = PBXGroup;
			children = (
				5132C3CA292AF04A0050D887 /* GoogleService-Info.plist */,
				88ED74E6272FFE6E0088E3EF /* uFree */,
				88ED74E5272FFE6E0088E3EF /* Products */,
				6F608FE24A7ED711BB129FFD /* Pods */,
				52E2627DF9B6E63BEBAEBBA7 /* Frameworks */,
			);
			sourceTree = "<group>";
		};
		88ED74E5272FFE6E0088E3EF /* Products */ = {
			isa = PBXGroup;
			children = (
				88ED74E4272FFE6E0088E3EF /* uFree.app */,
			);
			name = Products;
			sourceTree = "<group>";
		};
		88ED74E6272FFE6E0088E3EF /* uFree */ = {
			isa = PBXGroup;
			children = (
				88ED74FE272FFECA0088E3EF /* Application */,
				3977BC6504A937B4821C515A /* Views */,
				88ED74F8272FFECA0088E3EF /* Constants */,
				88ED74FC272FFECA0088E3EF /* Services */,
				88ED74FA272FFECA0088E3EF /* Extensions */,
				88ED74F6272FFECA0088E3EF /* Utilities */,
				7F44DB9E27422A4200171570 /* Helper */,
				88ED74EB272FFE6F0088E3EF /* Assets.xcassets */,
				88ED74F0272FFE6F0088E3EF /* Info.plist */,
				88ED74ED272FFE6F0088E3EF /* Preview Content */,
				9C22D3C5B874F574E800C4F2 /* Resources */,
				71F0BFD40332D2708B4A7EBB /* CustomViews */,
			);
			path = uFree;
			sourceTree = "<group>";
		};
		88ED74ED272FFE6F0088E3EF /* Preview Content */ = {
			isa = PBXGroup;
			children = (
				88ED74EE272FFE6F0088E3EF /* Preview Assets.xcassets */,
			);
			path = "Preview Content";
			sourceTree = "<group>";
		};
		88ED74F6272FFECA0088E3EF /* Utilities */ = {
			isa = PBXGroup;
			children = (
				88ED74F7272FFECA0088E3EF /* Utilities.swift */,
				7E915332D916E3DB981E508F /* Validation.swift */,
			);
			path = Utilities;
			sourceTree = "<group>";
		};
		88ED74F8272FFECA0088E3EF /* Constants */ = {
			isa = PBXGroup;
			children = (
				88ED74F9272FFECA0088E3EF /* AppConstants.swift */,
				E1CF91695C31A22EFE6A8AC3 /* StringScheme.swift */,
				B474F5BDC87B966FDA7E95E3 /* ColorConstants.swift */,
				4B819F86B03443B554A785C3 /* FontScheme.swift */,
			);
			path = Constants;
			sourceTree = "<group>";
		};
		88ED74FA272FFECA0088E3EF /* Extensions */ = {
			isa = PBXGroup;
			children = (
				888CB47427686A000041116C /* APIExtensions.swift */,
				8853052527718DC500B04E6F /* ViewExtension.swift */,
				8853052B2771949600B04E6F /* UINavigationController.swift */,
				8853052927718E2D00B04E6F /* EncodableExtension.swift */,
				884F3E5027B0E65A00963FC4 /* RoundedCornersView.swift */,
			);
			path = Extensions;
			sourceTree = "<group>";
		};
		88ED74FC272FFECA0088E3EF /* Services */ = {
			isa = PBXGroup;
			children = (
				88ED74FD272FFECA0088E3EF /* APIManager.swift */,
			);
			path = Services;
			sourceTree = "<group>";
		};
		88ED74FE272FFECA0088E3EF /* Application */ = {
			isa = PBXGroup;
			children = (
				88ED74FF272FFECA0088E3EF /* uFreeApp.swift */,
				5198EB8E292AFD2F003BD2AD /* AuthenticationViewModel.swift */,
				519D438C2934ABC100FCE23B /* ContentView.swift */,
			);
			path = Application;
			sourceTree = "<group>";
		};
		8DFEA416017EA64806A7DE60 /* EventEditView */ = {
			isa = PBXGroup;
			children = (
				78AE37BD33992DECDA0FBB96 /* EventEditView.swift */,
				5E15ECAC31A69ED05AD05ABB /* Cell */,
				0752AAA305C1F5C8D91BE12E /* EventEditViewModel.swift */,
			);
			path = EventEditView;
			sourceTree = "<group>";
		};
		8EB175A26E02083A9E9EFC52 /* Cell */ = {
			isa = PBXGroup;
			children = (
				0E45467FF6A28EB4E49DA5DB /* GenericCell.swift */,
			);
			path = Cell;
			sourceTree = "<group>";
		};
		9434C5FD170962B2646F0CC4 /* Fonts */ = {
			isa = PBXGroup;
			children = (
				4BC4F0B8FA512AFB815B1204 /* RalewaySemiBold.ttf */,
				EFA4CF45C34A92787E56A072 /* NotoSans.ttf */,
				C54D317853C6D190E6E49405 /* InterMedium.ttf */,
				D7EE11CE7E8B7B44214AD637 /* MontserratExtraBold.ttf */,
				3A2A71E3068658C87BAE29FA /* RalewayRegular.ttf */,
				FC5EC62FDE098DCC01BEB3FF /* InterBlack.ttf */,
				E6A790E7E73226EF5E9E0A5A /* InterRegular.ttf */,
				1B6CEC0AF9EE57365C7877BE /* RobotoBlack.ttf */,
				21A9A0A9DF29D8F55D0C878A /* InterBold.ttf */,
				C9B68355BB1A2D22C140EF6F /* NunitoSemiBold.ttf */,
				E0D4D0E6C3CAF2C5B54FF9B3 /* RobotoRomanThin.ttf */,
				12ED355F5668AFADA86D23CA /* InterExtraBold.ttf */,
				6DC9E3D8A536E567565FA7ED /* NunitoExtraBold.ttf */,
				E8B69CC4F94989BD6675D3E1 /* MontserratRomanRegular.ttf */,
				A698BFC5DC1BFE86A90D10C3 /* IBMPlexSans.ttf */,
				AB2DF481020F3921BC2632C5 /* RobotoRomanRegular.ttf */,
				43234A4EF321475411DE9184 /* InterSemiBold.ttf */,
				6F3D0CD38615EA5B03736C9E /* NunitoRegular.ttf */,
				19EB68457336764D4A206D89 /* InterExtraLight.ttf */,
			);
			path = Fonts;
			sourceTree = "<group>";
		};
		9548037FED94F2972D2D2472 /* SignInView */ = {
			isa = PBXGroup;
			children = (
				77B722934010E0D6525EF81E /* SignInView.swift */,
				950CB3FB5960D3EA609D4962 /* SignInViewModel.swift */,
			);
			path = SignInView;
			sourceTree = "<group>";
		};
		9C22D3C5B874F574E800C4F2 /* Resources */ = {
			isa = PBXGroup;
			children = (
				9434C5FD170962B2646F0CC4 /* Fonts */,
			);
			path = Resources;
			sourceTree = "<group>";
		};
		A44E48D0D45581A08F4835CA /* Cell */ = {
			isa = PBXGroup;
			children = (
				3A7F1FD83F4DC874BC1DCBE0 /* DaysTimeSeleCell.swift */,
			);
			path = Cell;
			sourceTree = "<group>";
		};
		A5E99AA8B992240685376016 /* EditDefaultforEventScreenView */ = {
			isa = PBXGroup;
			children = (
				8BB7166AE0F72DCA674EB4FF /* EditDefaultforEventScreenView.swift */,
				A44E48D0D45581A08F4835CA /* Cell */,
				4C46BBFBBB615816C0448749 /* EditDefaultforEventScreenViewModel.swift */,
			);
			path = EditDefaultforEventScreenView;
			sourceTree = "<group>";
		};
		A6195AEF36A8F76B323C387C /* OptimalTimeView */ = {
			isa = PBXGroup;
			children = (
				00C3EFD4EA1F3B9F6C91CD25 /* OptimalTimeView.swift */,
				E8BDB098A1596598AD05EB9E /* Cell */,
				EFC247153CA7A0F27CCBF2B3 /* OptimalTimeViewModel.swift */,
			);
			path = OptimalTimeView;
			sourceTree = "<group>";
		};
		AFFF46C140018E666EB31054 /* WeeklyView1View */ = {
			isa = PBXGroup;
			children = (
				84C4A00A4DFCF0F339764E2C /* WeeklyView1View.swift */,
				E7ACB40289D76E51365C5EA3 /* WeeklyView1ViewModel.swift */,
			);
			path = WeeklyView1View;
			sourceTree = "<group>";
		};
		BCB69671167C497D6CEAE976 /* ProfileView */ = {
			isa = PBXGroup;
			children = (
				76A3B02F73D8CA5F3CFCDC52 /* ProfileView.swift */,
				0AAA3781C71F72CC1FC5507D /* ProfileViewModel.swift */,
			);
			path = ProfileView;
			sourceTree = "<group>";
		};
		CFFE5F457B63828F5FA8DE6D /* IntroPageView */ = {
			isa = PBXGroup;
			children = (
				13499CDB254E33937094786A /* IntroPageView.swift */,
				C219C12A77E9C526ADDD7175 /* IntroPageViewModel.swift */,
			);
			path = IntroPageView;
			sourceTree = "<group>";
		};
		DBB85EED70D8FE6C38A8A00D /* Cell */ = {
			isa = PBXGroup;
			children = (
				319B309CD42DD81A25227337 /* CellsCell.swift */,
				FF5D9112AC72A8B3C56A3785 /* SmallCardCell.swift */,
			);
			path = Cell;
			sourceTree = "<group>";
		};
		E46803C4EA0F6D53323B1FE3 /* EventView */ = {
			isa = PBXGroup;
			children = (
				318AE7C0A1F7F1A885251721 /* EventView.swift */,
				526D77F50890AB3C1CB125ED /* EventViewModel.swift */,
			);
			path = EventView;
			sourceTree = "<group>";
		};
		E58667287002EC96A8024D11 /* Cell */ = {
			isa = PBXGroup;
			children = (
				9B2C37D73D9CB338D8E42323 /* ListCardCell.swift */,
			);
			path = Cell;
			sourceTree = "<group>";
		};
		E8BDB098A1596598AD05EB9E /* Cell */ = {
			isa = PBXGroup;
			children = (
				1CEAD786183E421CC98C954B /* DaysTimeSele2Cell.swift */,
			);
			path = Cell;
			sourceTree = "<group>";
		};
		F3DB1926EB69CDC0B6C07E50 /* HomeViewTwoView */ = {
			isa = PBXGroup;
			children = (
				6640E0444C5B629392259285 /* HomeViewTwoView.swift */,
				E58667287002EC96A8024D11 /* Cell */,
				17513D7CCF82DCB465E0A41A /* HomeViewTwoViewModel.swift */,
			);
			path = HomeViewTwoView;
			sourceTree = "<group>";
		};
		F7AADA805683CDA3C0F816BE /* WeeklyView */ = {
			isa = PBXGroup;
			children = (
				4AE1BE820826924313D5E382 /* WeeklyView.swift */,
				0E9A6584A85BC4097E2F59CE /* Cell */,
				C4DD4ED35ADF232C62E09E36 /* WeeklyViewModel.swift */,
			);
			path = WeeklyView;
			sourceTree = "<group>";
		};
/* End PBXGroup section */

/* Begin PBXNativeTarget section */
		88ED74E3272FFE6E0088E3EF /* uFree */ = {
			isa = PBXNativeTarget;
			buildConfigurationList = 88ED74F3272FFE6F0088E3EF /* Build configuration list for PBXNativeTarget "uFree" */;
			buildPhases = (
				D17307ED7EEC6ED9F262D8C3 /* [CP] Check Pods Manifest.lock */,
				88ED74E0272FFE6E0088E3EF /* Sources */,
				88ED74E1272FFE6E0088E3EF /* Frameworks */,
				88ED74E2272FFE6E0088E3EF /* Resources */,
				D659D0A87F387CEFB27F89A4 /* [CP] Embed Pods Frameworks */,
			);
			buildRules = (
			);
			dependencies = (
			);
			name = uFree;
			packageProductDependencies = (
				5132C3CD292AF17E0050D887 /* FirebaseAnalytics */,
				5132C3CF292AF17E0050D887 /* FirebaseAnalyticsSwift */,
				5198EB86292AF5B7003BD2AD /* FirebaseAnalytics */,
				5198EB88292AF5B7003BD2AD /* FirebaseAnalyticsSwift */,
				5198EB8A292AF793003BD2AD /* FirebaseDatabase */,
				5198EB8C292AF9B5003BD2AD /* FirebaseAuth */,
				519D438E2934C10100FCE23B /* FirebaseFirestore */,
				519D43902934C10A00FCE23B /* FirebaseFirestoreSwift */,
			);
			productName = application;
			productReference = 88ED74E4272FFE6E0088E3EF /* uFree.app */;
			productType = "com.apple.product-type.application";
		};
/* End PBXNativeTarget section */

/* Begin PBXProject section */
		88ED74DC272FFE6E0088E3EF /* Project object */ = {
			isa = PBXProject;
			attributes = {
				LastSwiftUpdateCheck = 1250;
				LastUpgradeCheck = 1250;
				TargetAttributes = {
					88ED74E3272FFE6E0088E3EF = {
						CreatedOnToolsVersion = 12.5;
					};
				};
			};
			buildConfigurationList = 88ED74DF272FFE6E0088E3EF /* Build configuration list for PBXProject "uFree" */;
			compatibilityVersion = "Xcode 9.3";
			developmentRegion = en;
			hasScannedForEncodings = 0;
			knownRegions = (
				en,
				Base,
			);
			mainGroup = 88ED74DB272FFE6E0088E3EF;
			packageReferences = (
				512567BE291B0E4E004A0702 /* XCRemoteSwiftPackageReference "firebase-ios-sdk" */,
				5132C3CC292AF17E0050D887 /* XCRemoteSwiftPackageReference "firebase-ios-sdk" */,
				5198EB85292AF5B7003BD2AD /* XCRemoteSwiftPackageReference "firebase-ios-sdk" */,
			);
			productRefGroup = 88ED74E5272FFE6E0088E3EF /* Products */;
			projectDirPath = "";
			projectRoot = "";
			targets = (
				88ED74E3272FFE6E0088E3EF /* uFree */,
			);
		};
/* End PBXProject section */

/* Begin PBXResourcesBuildPhase section */
		88ED74E2272FFE6E0088E3EF /* Resources */ = {
			isa = PBXResourcesBuildPhase;
			buildActionMask = 2147483647;
			files = (
				88ED74EF272FFE6F0088E3EF /* Preview Assets.xcassets in Resources */,
				88ED74EC272FFE6F0088E3EF /* Assets.xcassets in Resources */,
				67C8F75BD21271EB58C1BEEF /* RalewaySemiBold.ttf in Resources */,
				46657779A540AA96DB079580 /* NotoSans.ttf in Resources */,
				4FFFF76EC4672BFA4A3AD29E /* InterMedium.ttf in Resources */,
				860C0FB8A87DBE960ED7E469 /* MontserratExtraBold.ttf in Resources */,
				61B20EDB794761A8FEEB49B6 /* RalewayRegular.ttf in Resources */,
				2C3741BC14C329EF26635CE4 /* InterBlack.ttf in Resources */,
				D2270D40BA9929D40A3BA82C /* InterRegular.ttf in Resources */,
				AC96B43D24D286E4F4491E55 /* RobotoBlack.ttf in Resources */,
				17BEB64133D197D8AFF98CD1 /* InterBold.ttf in Resources */,
				20A90ECAA275788D78672932 /* NunitoSemiBold.ttf in Resources */,
				125F67946D6E39E8D5408BC0 /* RobotoRomanThin.ttf in Resources */,
				6DC132E537F67FA33003887E /* InterExtraBold.ttf in Resources */,
				5E523407B5DE22F69B9508C7 /* NunitoExtraBold.ttf in Resources */,
				6C3099FB43107BD4DD7D73F3 /* MontserratRomanRegular.ttf in Resources */,
				FDAB665C8A2590D9B619FA94 /* IBMPlexSans.ttf in Resources */,
				5F03B09C4CC76164BA5A1544 /* RobotoRomanRegular.ttf in Resources */,
				72D5CA8E4EF75D9DE30FE01D /* InterSemiBold.ttf in Resources */,
				5132C3CB292AF04A0050D887 /* GoogleService-Info.plist in Resources */,
				A06283741D07623932575C79 /* NunitoRegular.ttf in Resources */,
				E5320ED0CA7B13516F6B99CC /* InterExtraLight.ttf in Resources */,
			);
			runOnlyForDeploymentPostprocessing = 0;
		};
/* End PBXResourcesBuildPhase section */

/* Begin PBXShellScriptBuildPhase section */
		D17307ED7EEC6ED9F262D8C3 /* [CP] Check Pods Manifest.lock */ = {
			isa = PBXShellScriptBuildPhase;
			buildActionMask = 2147483647;
			files = (
			);
			inputFileListPaths = (
			);
			inputPaths = (
				"${PODS_PODFILE_DIR_PATH}/Podfile.lock",
				"${PODS_ROOT}/Manifest.lock",
			);
			name = "[CP] Check Pods Manifest.lock";
			outputFileListPaths = (
			);
			outputPaths = (
				"$(DERIVED_FILE_DIR)/Pods-uFree-checkManifestLockResult.txt",
			);
			runOnlyForDeploymentPostprocessing = 0;
			shellPath = /bin/sh;
			shellScript = "diff \"${PODS_PODFILE_DIR_PATH}/Podfile.lock\" \"${PODS_ROOT}/Manifest.lock\" > /dev/null\nif [ $? != 0 ] ; then\n    # print error to STDERR\n    echo \"error: The sandbox is not in sync with the Podfile.lock. Run 'pod install' or update your CocoaPods installation.\" >&2\n    exit 1\nfi\n# This output is used by Xcode 'outputs' to avoid re-running this script phase.\necho \"SUCCESS\" > \"${SCRIPT_OUTPUT_FILE_0}\"\n";
			showEnvVarsInLog = 0;
		};
		D659D0A87F387CEFB27F89A4 /* [CP] Embed Pods Frameworks */ = {
			isa = PBXShellScriptBuildPhase;
			buildActionMask = 2147483647;
			files = (
			);
			inputFileListPaths = (
				"${PODS_ROOT}/Target Support Files/Pods-uFree/Pods-uFree-frameworks-${CONFIGURATION}-input-files.xcfilelist",
			);
			name = "[CP] Embed Pods Frameworks";
			outputFileListPaths = (
				"${PODS_ROOT}/Target Support Files/Pods-uFree/Pods-uFree-frameworks-${CONFIGURATION}-output-files.xcfilelist",
			);
			runOnlyForDeploymentPostprocessing = 0;
			shellPath = /bin/sh;
			shellScript = "\"${PODS_ROOT}/Target Support Files/Pods-uFree/Pods-uFree-frameworks.sh\"\n";
			showEnvVarsInLog = 0;
		};
/* End PBXShellScriptBuildPhase section */

/* Begin PBXSourcesBuildPhase section */
		88ED74E0272FFE6E0088E3EF /* Sources */ = {
			isa = PBXSourcesBuildPhase;
			buildActionMask = 2147483647;
			files = (
				5198EB8F292AFD2F003BD2AD /* AuthenticationViewModel.swift in Sources */,
				888CB47527686A000041116C /* APIExtensions.swift in Sources */,
				8853052A27718E2D00B04E6F /* EncodableExtension.swift in Sources */,
				8853052C2771949600B04E6F /* UINavigationController.swift in Sources */,
				88ED7503272FFECA0088E3EF /* APIManager.swift in Sources */,
				7F44DBA127422A5D00171570 /* ActivityLoader.swift in Sources */,
				8853052627718DC500B04E6F /* ViewExtension.swift in Sources */,
				88ED7500272FFECA0088E3EF /* Utilities.swift in Sources */,
				88ED7504272FFECA0088E3EF /* uFreeApp.swift in Sources */,
				88680D1C2775C601002E964F /* ViewportHelper.swift in Sources */,
				88ED7501272FFECA0088E3EF /* AppConstants.swift in Sources */,
				884F3E5127B0E65A00963FC4 /* RoundedCornersView.swift in Sources */,
				AB0D271BBBC91FBE77967CCC /* StringScheme.swift in Sources */,
				60025E34DDCCCDE67A6C313E /* ColorConstants.swift in Sources */,
				ED753A42143A4B465FDEBC4B /* FontScheme.swift in Sources */,
				F274770B1DB9358D34F4339A /* IntroPageView.swift in Sources */,
				5156CA1B293C57D20004EC27 /* CreatorConfirmTimeCellView.swift in Sources */,
				929E176D09B5A9EAA291A273 /* SignUpView.swift in Sources */,
				FAB6663C2D7F90EF4CD507CE /* SignInView.swift in Sources */,
				2A472A0C1B100F049FA92387 /* HomePageView.swift in Sources */,
				D69FBB4C0243CCB2130B40D3 /* GenericCell.swift in Sources */,
				71FC687B88B20269A1F70E2C /* MonthlyCalendarView.swift in Sources */,
				72BC983E29352D5A00BC45C6 /* PrimaryViewGlobalVars.swift in Sources */,
				7280E176CA4B72D700B1CA4E /* DaycellCell.swift in Sources */,
				B0AFAB36F580A65883AA698C /* WeeklyView.swift in Sources */,
				AC0071180B92DF266C056830 /* EventABubbleCell.swift in Sources */,
				D84D46574B665AFAEC310047 /* BubbleContentsCell.swift in Sources */,
				EF3695DE2B1D9576195E66ED /* WeeklyView1View.swift in Sources */,
				89E6A709C166B80DD6100012 /* EventCreationView.swift in Sources */,
				DAEE72DEFA4C1DDFC0C8652A /* StackrectanglenineoneCell.swift in Sources */,
				13B733DE360D38683776D684 /* FriendsPageView.swift in Sources */,
				E71C4F1858E44D5ADC9B4191 /* CellsCell.swift in Sources */,
				E0D51FA5A276554D0A116723 /* SmallCardCell.swift in Sources */,
				1EDCA53B7E96C2710666757A /* ProfileView.swift in Sources */,
				44695177B9BA1AC39C5417DF /* ResetCodeView.swift in Sources */,
				0E0772394EBE22E9A8F1999E /* ResetPasswordView.swift in Sources */,
				465873C45CDBB80798F7ABE7 /* HomeViewTwoView.swift in Sources */,
				D8203D43D29C392ABD1083F2 /* ListCardCell.swift in Sources */,
				305D9A5CBF58F17DA6B99300 /* EventView.swift in Sources */,
				50D593B3FC0391EDB04D8D93 /* EditDefaultforEventScreenView.swift in Sources */,
				4D4570269934788E854FEBC8 /* DaysTimeSeleCell.swift in Sources */,
				242031D481BD18B249130B08 /* OnboardAvailabilityScreenView.swift in Sources */,
				331D81A236E82E08054B0BA7 /* DaysTimeSele1Cell.swift in Sources */,
				5156CA19293C579A0004EC27 /* CreatorConfirmTimeView.swift in Sources */,
				E22D0FB016A0B36DBE59C396 /* HomeViewThreeView.swift in Sources */,
				5427AC06BFAA98F89DD364AE /* ListCard1Cell.swift in Sources */,
				7C75621779B58AD8E0E5A55E /* EventEditView.swift in Sources */,
				EFB069B2BFF27504CB5BD5CB /* Stackrectanglenineone1Cell.swift in Sources */,
				01F1C0672B9C448DF96DAD75 /* OptimalTimeView.swift in Sources */,
				8CECDDC384DB47080E01B2CD /* DaysTimeSele2Cell.swift in Sources */,
				4F32FA809BCD38446CE9C0A9 /* HomeViewFourView.swift in Sources */,
				7BB3FFDB2DDDF37D208AF9E3 /* HomeViewFiveView.swift in Sources */,
				B3A7C50586BA100152A4E580 /* AppnavigationView.swift in Sources */,
				9A665838A2777D6AD3EC081F /* FabButton.swift in Sources */,
				12AA78F74914AFCC53F5489C /* TabsView.swift in Sources */,
				4A1F30E41EDF68A9CF0A5115 /* PagerView.swift in Sources */,
				D5C66E7F084E39FB120D2651 /* Validation.swift in Sources */,
				34D64B6C735C377B943F3D0C /* HomePageViewModel.swift in Sources */,
				6ED3FD82C028CC705581F531 /* SignInViewModel.swift in Sources */,
				D0C589B072A7800F9B22FF18 /* EventEditViewModel.swift in Sources */,
				98F6FE9D7F2AF5E5E57C3CEE /* ResetPasswordViewModel.swift in Sources */,
				E57CB07A122B06069BB5470A /* ProfileViewModel.swift in Sources */,
				AFA19CEC5B76CB385EC95ADD /* MonthlyCalendarViewModel.swift in Sources */,
				568AC74CD2CBBC94E3E1DA03 /* HomeViewTwoViewModel.swift in Sources */,
				EDAA02E59ED4577C1071E4E8 /* IntroPageViewModel.swift in Sources */,
				D5B16A9A3B6540C30027A55F /* EditDefaultforEventScreenViewModel.swift in Sources */,
				EF475FA99D14910FB524682A /* FriendsPageViewModel.swift in Sources */,
				AD6FEEFEF667639E0F488C8C /* AppnavigationViewModel.swift in Sources */,
				FDE9BB0E47F45F8E104ADF03 /* ResetCodeViewModel.swift in Sources */,
				F37B74C1F7CAD95C0917A041 /* HomeViewThreeViewModel.swift in Sources */,
				519D43882934AA0B00FCE23B /* PrimaryView.swift in Sources */,
				519D438D2934ABC100FCE23B /* ContentView.swift in Sources */,
				C778C9DE95B9AF9B37349897 /* HomeViewFourViewModel.swift in Sources */,
				617DE9BD4E7D8ABF50427F06 /* EventViewModel.swift in Sources */,
				890725C333A7EC7F710836D5 /* EventCreationViewModel.swift in Sources */,
				B3F2A6F65907E83E012AC13E /* WeeklyView1ViewModel.swift in Sources */,
				EF18A69EFF2BD61B5D69C980 /* HomeViewFiveViewModel.swift in Sources */,
				9557815947B196C41CBB4F17 /* OptimalTimeViewModel.swift in Sources */,
				CF6151CB6C97ED64F5E5739E /* WeeklyViewModel.swift in Sources */,
				7425B81BF6EBDE236FBD8706 /* OnboardAvailabilityScreenViewModel.swift in Sources */,
				E880E0BC51B63A5C63AD0164 /* SignUpViewModel.swift in Sources */,
			);
			runOnlyForDeploymentPostprocessing = 0;
		};
/* End PBXSourcesBuildPhase section */

/* Begin XCBuildConfiguration section */
		88ED74F1272FFE6F0088E3EF /* Debug */ = {
			isa = XCBuildConfiguration;
			buildSettings = {
				ALWAYS_SEARCH_USER_PATHS = NO;
				CLANG_ANALYZER_NONNULL = YES;
				CLANG_ANALYZER_NUMBER_OBJECT_CONVERSION = YES_AGGRESSIVE;
				CLANG_CXX_LANGUAGE_STANDARD = "gnu++14";
				CLANG_CXX_LIBRARY = "libc++";
				CLANG_ENABLE_MODULES = YES;
				CLANG_ENABLE_OBJC_ARC = YES;
				CLANG_ENABLE_OBJC_WEAK = YES;
				CLANG_WARN_BLOCK_CAPTURE_AUTORELEASING = YES;
				CLANG_WARN_BOOL_CONVERSION = YES;
				CLANG_WARN_COMMA = YES;
				CLANG_WARN_CONSTANT_CONVERSION = YES;
				CLANG_WARN_DEPRECATED_OBJC_IMPLEMENTATIONS = YES;
				CLANG_WARN_DIRECT_OBJC_ISA_USAGE = YES_ERROR;
				CLANG_WARN_DOCUMENTATION_COMMENTS = YES;
				CLANG_WARN_EMPTY_BODY = YES;
				CLANG_WARN_ENUM_CONVERSION = YES;
				CLANG_WARN_INFINITE_RECURSION = YES;
				CLANG_WARN_INT_CONVERSION = YES;
				CLANG_WARN_NON_LITERAL_NULL_CONVERSION = YES;
				CLANG_WARN_OBJC_IMPLICIT_RETAIN_SELF = YES;
				CLANG_WARN_OBJC_LITERAL_CONVERSION = YES;
				CLANG_WARN_OBJC_ROOT_CLASS = YES_ERROR;
				CLANG_WARN_QUOTED_INCLUDE_IN_FRAMEWORK_HEADER = YES;
				CLANG_WARN_RANGE_LOOP_ANALYSIS = YES;
				CLANG_WARN_STRICT_PROTOTYPES = YES;
				CLANG_WARN_SUSPICIOUS_MOVE = YES;
				CLANG_WARN_UNGUARDED_AVAILABILITY = YES_AGGRESSIVE;
				CLANG_WARN_UNREACHABLE_CODE = YES;
				CLANG_WARN__DUPLICATE_METHOD_MATCH = YES;
				COPY_PHASE_STRIP = NO;
				DEBUG_INFORMATION_FORMAT = dwarf;
				ENABLE_STRICT_OBJC_MSGSEND = YES;
				ENABLE_TESTABILITY = YES;
				GCC_C_LANGUAGE_STANDARD = gnu11;
				GCC_DYNAMIC_NO_PIC = NO;
				GCC_NO_COMMON_BLOCKS = YES;
				GCC_OPTIMIZATION_LEVEL = 0;
				GCC_PREPROCESSOR_DEFINITIONS = (
					"DEBUG=1",
					"$(inherited)",
				);
				GCC_WARN_64_TO_32_BIT_CONVERSION = YES;
				GCC_WARN_ABOUT_RETURN_TYPE = YES_ERROR;
				GCC_WARN_UNDECLARED_SELECTOR = YES;
				GCC_WARN_UNINITIALIZED_AUTOS = YES_AGGRESSIVE;
				GCC_WARN_UNUSED_FUNCTION = YES;
				GCC_WARN_UNUSED_VARIABLE = YES;
				IPHONEOS_DEPLOYMENT_TARGET = 15.0;
				MTL_ENABLE_DEBUG_INFO = INCLUDE_SOURCE;
				MTL_FAST_MATH = YES;
				ONLY_ACTIVE_ARCH = YES;
				SDKROOT = iphoneos;
				SWIFT_ACTIVE_COMPILATION_CONDITIONS = DEBUG;
				SWIFT_OPTIMIZATION_LEVEL = "-Onone";
			};
			name = Debug;
		};
		88ED74F2272FFE6F0088E3EF /* Release */ = {
			isa = XCBuildConfiguration;
			buildSettings = {
				ALWAYS_SEARCH_USER_PATHS = NO;
				CLANG_ANALYZER_NONNULL = YES;
				CLANG_ANALYZER_NUMBER_OBJECT_CONVERSION = YES_AGGRESSIVE;
				CLANG_CXX_LANGUAGE_STANDARD = "gnu++14";
				CLANG_CXX_LIBRARY = "libc++";
				CLANG_ENABLE_MODULES = YES;
				CLANG_ENABLE_OBJC_ARC = YES;
				CLANG_ENABLE_OBJC_WEAK = YES;
				CLANG_WARN_BLOCK_CAPTURE_AUTORELEASING = YES;
				CLANG_WARN_BOOL_CONVERSION = YES;
				CLANG_WARN_COMMA = YES;
				CLANG_WARN_CONSTANT_CONVERSION = YES;
				CLANG_WARN_DEPRECATED_OBJC_IMPLEMENTATIONS = YES;
				CLANG_WARN_DIRECT_OBJC_ISA_USAGE = YES_ERROR;
				CLANG_WARN_DOCUMENTATION_COMMENTS = YES;
				CLANG_WARN_EMPTY_BODY = YES;
				CLANG_WARN_ENUM_CONVERSION = YES;
				CLANG_WARN_INFINITE_RECURSION = YES;
				CLANG_WARN_INT_CONVERSION = YES;
				CLANG_WARN_NON_LITERAL_NULL_CONVERSION = YES;
				CLANG_WARN_OBJC_IMPLICIT_RETAIN_SELF = YES;
				CLANG_WARN_OBJC_LITERAL_CONVERSION = YES;
				CLANG_WARN_OBJC_ROOT_CLASS = YES_ERROR;
				CLANG_WARN_QUOTED_INCLUDE_IN_FRAMEWORK_HEADER = YES;
				CLANG_WARN_RANGE_LOOP_ANALYSIS = YES;
				CLANG_WARN_STRICT_PROTOTYPES = YES;
				CLANG_WARN_SUSPICIOUS_MOVE = YES;
				CLANG_WARN_UNGUARDED_AVAILABILITY = YES_AGGRESSIVE;
				CLANG_WARN_UNREACHABLE_CODE = YES;
				CLANG_WARN__DUPLICATE_METHOD_MATCH = YES;
				COPY_PHASE_STRIP = NO;
				DEBUG_INFORMATION_FORMAT = "dwarf-with-dsym";
				ENABLE_NS_ASSERTIONS = NO;
				ENABLE_STRICT_OBJC_MSGSEND = YES;
				GCC_C_LANGUAGE_STANDARD = gnu11;
				GCC_NO_COMMON_BLOCKS = YES;
				GCC_WARN_64_TO_32_BIT_CONVERSION = YES;
				GCC_WARN_ABOUT_RETURN_TYPE = YES_ERROR;
				GCC_WARN_UNDECLARED_SELECTOR = YES;
				GCC_WARN_UNINITIALIZED_AUTOS = YES_AGGRESSIVE;
				GCC_WARN_UNUSED_FUNCTION = YES;
				GCC_WARN_UNUSED_VARIABLE = YES;
				IPHONEOS_DEPLOYMENT_TARGET = 15.0;
				MTL_ENABLE_DEBUG_INFO = NO;
				MTL_FAST_MATH = YES;
				SDKROOT = iphoneos;
				SWIFT_COMPILATION_MODE = wholemodule;
				SWIFT_OPTIMIZATION_LEVEL = "-O";
				VALIDATE_PRODUCT = YES;
			};
			name = Release;
		};
		88ED74F4272FFE6F0088E3EF /* Debug */ = {
			isa = XCBuildConfiguration;
			baseConfigurationReference = 903C53847328BE6D94E81559 /* Pods-uFree.debug.xcconfig */;
			buildSettings = {
				ASSETCATALOG_COMPILER_APPICON_NAME = "uFree-AppIcon";
				ASSETCATALOG_COMPILER_GLOBAL_ACCENT_COLOR_NAME = AccentColor;
				ASSETCATALOG_COMPILER_INCLUDE_ALL_APPICON_ASSETS = YES;
				CODE_SIGN_STYLE = Automatic;
				DEVELOPMENT_ASSET_PATHS = "\"uFree/Preview Content\"";
				DEVELOPMENT_TEAM = "";
				ENABLE_PREVIEWS = YES;
				INFOPLIST_FILE = uFree/Info.plist;
				IPHONEOS_DEPLOYMENT_TARGET = 15.0;
				LD_RUNPATH_SEARCH_PATHS = (
					"$(inherited)",
					"@executable_path/Frameworks",
				);
				PRODUCT_BUNDLE_IDENTIFIER = com.cse438s.ufree;
				PRODUCT_NAME = "$(TARGET_NAME)";
				SWIFT_VERSION = 5.0;
				TARGETED_DEVICE_FAMILY = "1,2";
			};
			name = Debug;
		};
		88ED74F5272FFE6F0088E3EF /* Release */ = {
			isa = XCBuildConfiguration;
			baseConfigurationReference = 7BDB49C7B87549F3F10504BB /* Pods-uFree.release.xcconfig */;
			buildSettings = {
				ASSETCATALOG_COMPILER_APPICON_NAME = "uFree-AppIcon";
				ASSETCATALOG_COMPILER_GLOBAL_ACCENT_COLOR_NAME = AccentColor;
				ASSETCATALOG_COMPILER_INCLUDE_ALL_APPICON_ASSETS = YES;
				CODE_SIGN_STYLE = Automatic;
				DEVELOPMENT_ASSET_PATHS = "\"uFree/Preview Content\"";
				DEVELOPMENT_TEAM = "";
				ENABLE_PREVIEWS = YES;
				INFOPLIST_FILE = uFree/Info.plist;
				IPHONEOS_DEPLOYMENT_TARGET = 15.0;
				LD_RUNPATH_SEARCH_PATHS = (
					"$(inherited)",
					"@executable_path/Frameworks",
				);
				PRODUCT_BUNDLE_IDENTIFIER = com.cse438s.ufree;
				PRODUCT_NAME = "$(TARGET_NAME)";
				SWIFT_VERSION = 5.0;
				TARGETED_DEVICE_FAMILY = "1,2";
			};
			name = Release;
		};
/* End XCBuildConfiguration section */

/* Begin XCConfigurationList section */
		88ED74DF272FFE6E0088E3EF /* Build configuration list for PBXProject "uFree" */ = {
			isa = XCConfigurationList;
			buildConfigurations = (
				88ED74F1272FFE6F0088E3EF /* Debug */,
				88ED74F2272FFE6F0088E3EF /* Release */,
			);
			defaultConfigurationIsVisible = 0;
			defaultConfigurationName = Release;
		};
		88ED74F3272FFE6F0088E3EF /* Build configuration list for PBXNativeTarget "uFree" */ = {
			isa = XCConfigurationList;
			buildConfigurations = (
				88ED74F4272FFE6F0088E3EF /* Debug */,
				88ED74F5272FFE6F0088E3EF /* Release */,
			);
			defaultConfigurationIsVisible = 0;
			defaultConfigurationName = Release;
		};
/* End XCConfigurationList section */

/* Begin XCRemoteSwiftPackageReference section */
		512567BE291B0E4E004A0702 /* XCRemoteSwiftPackageReference "firebase-ios-sdk" */ = {
			isa = XCRemoteSwiftPackageReference;
			repositoryURL = "https://github.com/firebase/firebase-ios-sdk";
			requirement = {
				kind = upToNextMajorVersion;
				minimumVersion = 9.0.0;
			};
		};
		5132C3CC292AF17E0050D887 /* XCRemoteSwiftPackageReference "firebase-ios-sdk" */ = {
			isa = XCRemoteSwiftPackageReference;
			repositoryURL = "https://github.com/firebase/firebase-ios-sdk";
			requirement = {
				kind = upToNextMajorVersion;
				minimumVersion = 9.0.0;
			};
		};
		5198EB85292AF5B7003BD2AD /* XCRemoteSwiftPackageReference "firebase-ios-sdk" */ = {
			isa = XCRemoteSwiftPackageReference;
			repositoryURL = "https://github.com/firebase/firebase-ios-sdk";
			requirement = {
				kind = upToNextMajorVersion;
				minimumVersion = 9.0.0;
			};
		};
/* End XCRemoteSwiftPackageReference section */

/* Begin XCSwiftPackageProductDependency section */
		5132C3CD292AF17E0050D887 /* FirebaseAnalytics */ = {
			isa = XCSwiftPackageProductDependency;
			package = 512567BE291B0E4E004A0702 /* XCRemoteSwiftPackageReference "firebase-ios-sdk" */;
			productName = FirebaseAnalytics;
		};
		5132C3CF292AF17E0050D887 /* FirebaseAnalyticsSwift */ = {
			isa = XCSwiftPackageProductDependency;
			package = 512567BE291B0E4E004A0702 /* XCRemoteSwiftPackageReference "firebase-ios-sdk" */;
			productName = FirebaseAnalyticsSwift;
		};
		5198EB86292AF5B7003BD2AD /* FirebaseAnalytics */ = {
			isa = XCSwiftPackageProductDependency;
			package = 512567BE291B0E4E004A0702 /* XCRemoteSwiftPackageReference "firebase-ios-sdk" */;
			productName = FirebaseAnalytics;
		};
		5198EB88292AF5B7003BD2AD /* FirebaseAnalyticsSwift */ = {
			isa = XCSwiftPackageProductDependency;
			package = 512567BE291B0E4E004A0702 /* XCRemoteSwiftPackageReference "firebase-ios-sdk" */;
			productName = FirebaseAnalyticsSwift;
		};
		5198EB8A292AF793003BD2AD /* FirebaseDatabase */ = {
			isa = XCSwiftPackageProductDependency;
			package = 512567BE291B0E4E004A0702 /* XCRemoteSwiftPackageReference "firebase-ios-sdk" */;
			productName = FirebaseDatabase;
		};
		5198EB8C292AF9B5003BD2AD /* FirebaseAuth */ = {
			isa = XCSwiftPackageProductDependency;
			package = 512567BE291B0E4E004A0702 /* XCRemoteSwiftPackageReference "firebase-ios-sdk" */;
			productName = FirebaseAuth;
		};
		519D438E2934C10100FCE23B /* FirebaseFirestore */ = {
			isa = XCSwiftPackageProductDependency;
			package = 512567BE291B0E4E004A0702 /* XCRemoteSwiftPackageReference "firebase-ios-sdk" */;
			productName = FirebaseFirestore;
		};
		519D43902934C10A00FCE23B /* FirebaseFirestoreSwift */ = {
			isa = XCSwiftPackageProductDependency;
			package = 512567BE291B0E4E004A0702 /* XCRemoteSwiftPackageReference "firebase-ios-sdk" */;
			productName = FirebaseFirestoreSwift;
		};
/* End XCSwiftPackageProductDependency section */
	};
	rootObject = 88ED74DC272FFE6E0088E3EF /* Project object */;
}
